// !$*UTF8*$!
{
	archiveVersion = 1;
	classes = {
	};
	objectVersion = 46;
	objects = {

/* Begin PBXBuildFile section */
		9A10FA401EA5633500D2B095 /* InfoPlist.strings in Resources */ = {isa = PBXBuildFile; fileRef = 9A10FA371EA5633500D2B095 /* InfoPlist.strings */; };
		9A10FA411EA5633500D2B095 /* Images.xcassets in Resources */ = {isa = PBXBuildFile; fileRef = 9A10FA391EA5633500D2B095 /* Images.xcassets */; };
		9A10FA421EA5633500D2B095 /* main.m in Sources */ = {isa = PBXBuildFile; fileRef = 9A10FA3A1EA5633500D2B095 /* main.m */; };
		9A10FA431EA5633500D2B095 /* MBAppDelegate.m in Sources */ = {isa = PBXBuildFile; fileRef = 9A10FA3C1EA5633500D2B095 /* MBAppDelegate.m */; };
		9A10FA441EA5633500D2B095 /* MBDebugPanelTestsApplicationContainer-Info.plist in Resources */ = {isa = PBXBuildFile; fileRef = 9A10FA3D1EA5633500D2B095 /* MBDebugPanelTestsApplicationContainer-Info.plist */; };
		9A5DE2BB1EA55DC500C90F62 /* MBDebugPanelSimpleButtonComponentCell.xib in Resources */ = {isa = PBXBuildFile; fileRef = 9A5DE29B1EA55DC500C90F62 /* MBDebugPanelSimpleButtonComponentCell.xib */; };
		9A5DE2BC1EA55DC500C90F62 /* MBDebugPanelSimpleButtonComponentCell.xib in Resources */ = {isa = PBXBuildFile; fileRef = 9A5DE29B1EA55DC500C90F62 /* MBDebugPanelSimpleButtonComponentCell.xib */; };
		9A5DE2C01EA55DC500C90F62 /* MBDebugPanelSimpleSwitchComponentCell.xib in Resources */ = {isa = PBXBuildFile; fileRef = 9A5DE29C1EA55DC500C90F62 /* MBDebugPanelSimpleSwitchComponentCell.xib */; };
		9A5DE2C11EA55DC500C90F62 /* MBDebugPanelSimpleSwitchComponentCell.xib in Resources */ = {isa = PBXBuildFile; fileRef = 9A5DE29C1EA55DC500C90F62 /* MBDebugPanelSimpleSwitchComponentCell.xib */; };
		9A5DE2C51EA55DC500C90F62 /* MBDebugPanelSimpleTextFieldComponentCell.xib in Resources */ = {isa = PBXBuildFile; fileRef = 9A5DE29D1EA55DC500C90F62 /* MBDebugPanelSimpleTextFieldComponentCell.xib */; };
		9A5DE2C61EA55DC500C90F62 /* MBDebugPanelSimpleTextFieldComponentCell.xib in Resources */ = {isa = PBXBuildFile; fileRef = 9A5DE29D1EA55DC500C90F62 /* MBDebugPanelSimpleTextFieldComponentCell.xib */; };
		9A5DE2CA1EA55DC500C90F62 /* MBDebugPanelSimpleButtonComponent.h in Headers */ = {isa = PBXBuildFile; fileRef = 9A5DE2A11EA55DC500C90F62 /* MBDebugPanelSimpleButtonComponent.h */; settings = {ATTRIBUTES = (Public, ); }; };
		9A5DE2CF1EA55DC500C90F62 /* MBDebugPanelSimpleButtonComponent.m in Sources */ = {isa = PBXBuildFile; fileRef = 9A5DE2A21EA55DC500C90F62 /* MBDebugPanelSimpleButtonComponent.m */; };
		9A5DE2D31EA55DC500C90F62 /* MBDebugPanelSimpleComponent.h in Headers */ = {isa = PBXBuildFile; fileRef = 9A5DE2A31EA55DC500C90F62 /* MBDebugPanelSimpleComponent.h */; settings = {ATTRIBUTES = (Public, ); }; };
		9A5DE2D81EA55DC500C90F62 /* MBDebugPanelSimpleComponent.m in Sources */ = {isa = PBXBuildFile; fileRef = 9A5DE2A41EA55DC500C90F62 /* MBDebugPanelSimpleComponent.m */; };
		9A5DE2DC1EA55DC500C90F62 /* MBDebugPanelSimpleSwitchComponent.h in Headers */ = {isa = PBXBuildFile; fileRef = 9A5DE2A51EA55DC500C90F62 /* MBDebugPanelSimpleSwitchComponent.h */; settings = {ATTRIBUTES = (Public, ); }; };
		9A5DE2E11EA55DC500C90F62 /* MBDebugPanelSimpleSwitchComponent.m in Sources */ = {isa = PBXBuildFile; fileRef = 9A5DE2A61EA55DC500C90F62 /* MBDebugPanelSimpleSwitchComponent.m */; };
		9A5DE2E51EA55DC500C90F62 /* MBDebugPanelSimpleTextFieldComponent.h in Headers */ = {isa = PBXBuildFile; fileRef = 9A5DE2A71EA55DC500C90F62 /* MBDebugPanelSimpleTextFieldComponent.h */; settings = {ATTRIBUTES = (Public, ); }; };
		9A5DE2EA1EA55DC500C90F62 /* MBDebugPanelSimpleTextFieldComponent.m in Sources */ = {isa = PBXBuildFile; fileRef = 9A5DE2A81EA55DC500C90F62 /* MBDebugPanelSimpleTextFieldComponent.m */; };
		9A5DE2EE1EA55DC500C90F62 /* MBDebugPanel.h in Headers */ = {isa = PBXBuildFile; fileRef = 9A5DE2A91EA55DC500C90F62 /* MBDebugPanel.h */; settings = {ATTRIBUTES = (Public, ); }; };
		9A5DE2F31EA55DC500C90F62 /* MBDebugPanel.m in Sources */ = {isa = PBXBuildFile; fileRef = 9A5DE2AA1EA55DC500C90F62 /* MBDebugPanel.m */; };
		9A5DE2F71EA55DC500C90F62 /* MBDebugPanelComponent.h in Headers */ = {isa = PBXBuildFile; fileRef = 9A5DE2AB1EA55DC500C90F62 /* MBDebugPanelComponent.h */; settings = {ATTRIBUTES = (Public, ); }; };
		9A5DE2FB1EA55DC500C90F62 /* MBDebugPanel_Private.h in Headers */ = {isa = PBXBuildFile; fileRef = 9A5DE2AD1EA55DC500C90F62 /* MBDebugPanel_Private.h */; };
		9A5DE2FF1EA55DC500C90F62 /* MBDebugPanelSimpleComponent_Protected.h in Headers */ = {isa = PBXBuildFile; fileRef = 9A5DE2AE1EA55DC500C90F62 /* MBDebugPanelSimpleComponent_Protected.h */; };
		9A5DE32F1EA55DC500C90F62 /* MBDebugPanel.h in Headers */ = {isa = PBXBuildFile; fileRef = 9A5DE2BA1EA55DC500C90F62 /* MBDebugPanel.h */; };
		9A5DE34F1EA55DEC00C90F62 /* InfoPlist.strings in Resources */ = {isa = PBXBuildFile; fileRef = 9A5DE3351EA55DEC00C90F62 /* InfoPlist.strings */; };
		9A5DE3581EA55DEC00C90F62 /* MBDebugPanelSimpleComponentTests.m in Sources */ = {isa = PBXBuildFile; fileRef = 9A5DE3371EA55DEC00C90F62 /* MBDebugPanelSimpleComponentTests.m */; };
		9A5DE3641EA55DEC00C90F62 /* MBDebugPanelTests-Prefix.pch in Headers */ = {isa = PBXBuildFile; fileRef = 9A5DE3391EA55DEC00C90F62 /* MBDebugPanelTests-Prefix.pch */; };
		9A5DE36E1EA55DEC00C90F62 /* MBDebugPanelTests.m in Sources */ = {isa = PBXBuildFile; fileRef = 9A5DE33A1EA55DEC00C90F62 /* MBDebugPanelTests.m */; };
		9A5DE3C61EA55EED00C90F62 /* UIKit.framework in Frameworks */ = {isa = PBXBuildFile; fileRef = 9A5DE3C51EA55EED00C90F62 /* UIKit.framework */; };
		9A5DE3C81EA55EF400C90F62 /* Foundation.framework in Frameworks */ = {isa = PBXBuildFile; fileRef = 9A5DE3C71EA55EF400C90F62 /* Foundation.framework */; };
		9A5DE3CB1EA55FAB00C90F62 /* XCTest.framework in Frameworks */ = {isa = PBXBuildFile; fileRef = 9A5DE3C31EA55EE400C90F62 /* XCTest.framework */; };
		9A619E481EA5778D00A4F984 /* MBDebugPanel.framework in Frameworks */ = {isa = PBXBuildFile; fileRef = 9AB6E68B1EA5574F002DB509 /* MBDebugPanel.framework */; };
		9A619E491EA577DA00A4F984 /* UIKit.framework in Frameworks */ = {isa = PBXBuildFile; fileRef = 9A5DE3C51EA55EED00C90F62 /* UIKit.framework */; };
		9AB6E6941EA5574F002DB509 /* MBDebugPanel.framework in Frameworks */ = {isa = PBXBuildFile; fileRef = 9AB6E68B1EA5574F002DB509 /* MBDebugPanel.framework */; };
		9AB6E6A01EA5574F002DB509 /* MBDebugPanel.framework in Frameworks */ = {isa = PBXBuildFile; fileRef = 9AB6E68B1EA5574F002DB509 /* MBDebugPanel.framework */; };
		9AB6E6A11EA5574F002DB509 /* MBDebugPanel.framework in Embed Frameworks */ = {isa = PBXBuildFile; fileRef = 9AB6E68B1EA5574F002DB509 /* MBDebugPanel.framework */; settings = {ATTRIBUTES = (CodeSignOnCopy, RemoveHeadersOnCopy, ); }; };
		FD3CB35F18AC656F00FD9427 /* CoreGraphics.framework in Frameworks */ = {isa = PBXBuildFile; fileRef = FD3CB35E18AC656F00FD9427 /* CoreGraphics.framework */; };
/* End PBXBuildFile section */

/* Begin PBXContainerItemProxy section */
		9A5DE3C11EA55E4400C90F62 /* PBXContainerItemProxy */ = {
			isa = PBXContainerItemProxy;
			containerPortal = FDCFACE518A49E6800E4AD74 /* Project object */;
			proxyType = 1;
			remoteGlobalIDString = FD3CB35B18AC656F00FD9427;
			remoteInfo = MBDebugPanelTestsApplicationContainer;
		};
		9AB6E6951EA5574F002DB509 /* PBXContainerItemProxy */ = {
			isa = PBXContainerItemProxy;
			containerPortal = FDCFACE518A49E6800E4AD74 /* Project object */;
			proxyType = 1;
			remoteGlobalIDString = 9AB6E68A1EA5574F002DB509;
			remoteInfo = "MBDebugPanel iOS";
		};
		9AB6E6971EA5574F002DB509 /* PBXContainerItemProxy */ = {
			isa = PBXContainerItemProxy;
			containerPortal = FDCFACE518A49E6800E4AD74 /* Project object */;
			proxyType = 1;
			remoteGlobalIDString = FD3CB35B18AC656F00FD9427;
			remoteInfo = MBDebugPanelTestsApplicationContainer;
		};
		9AB6E69E1EA5574F002DB509 /* PBXContainerItemProxy */ = {
			isa = PBXContainerItemProxy;
			containerPortal = FDCFACE518A49E6800E4AD74 /* Project object */;
			proxyType = 1;
			remoteGlobalIDString = 9AB6E68A1EA5574F002DB509;
			remoteInfo = "MBDebugPanel iOS";
		};
/* End PBXContainerItemProxy section */

/* Begin PBXCopyFilesBuildPhase section */
		9AB6E6A71EA5574F002DB509 /* Embed Frameworks */ = {
			isa = PBXCopyFilesBuildPhase;
			buildActionMask = 2147483647;
			dstPath = "";
			dstSubfolderSpec = 10;
			files = (
				9AB6E6A11EA5574F002DB509 /* MBDebugPanel.framework in Embed Frameworks */,
			);
			name = "Embed Frameworks";
			runOnlyForDeploymentPostprocessing = 0;
		};
/* End PBXCopyFilesBuildPhase section */

/* Begin PBXFileReference section */
		1B2A4CC7255C2C7F00DA9688 /* Package.swift */ = {isa = PBXFileReference; lastKnownFileType = sourcecode.swift; path = Package.swift; sourceTree = "<group>"; };
		9A10FA381EA5633500D2B095 /* en */ = {isa = PBXFileReference; lastKnownFileType = text.plist.strings; name = en; path = en.lproj/InfoPlist.strings; sourceTree = "<group>"; };
		9A10FA391EA5633500D2B095 /* Images.xcassets */ = {isa = PBXFileReference; lastKnownFileType = folder.assetcatalog; path = Images.xcassets; sourceTree = "<group>"; };
		9A10FA3A1EA5633500D2B095 /* main.m */ = {isa = PBXFileReference; fileEncoding = 4; lastKnownFileType = sourcecode.c.objc; path = main.m; sourceTree = "<group>"; };
		9A10FA3B1EA5633500D2B095 /* MBAppDelegate.h */ = {isa = PBXFileReference; fileEncoding = 4; lastKnownFileType = sourcecode.c.h; path = MBAppDelegate.h; sourceTree = "<group>"; };
		9A10FA3C1EA5633500D2B095 /* MBAppDelegate.m */ = {isa = PBXFileReference; fileEncoding = 4; lastKnownFileType = sourcecode.c.objc; path = MBAppDelegate.m; sourceTree = "<group>"; };
		9A10FA3D1EA5633500D2B095 /* MBDebugPanelTestsApplicationContainer-Info.plist */ = {isa = PBXFileReference; fileEncoding = 4; lastKnownFileType = text.plist.xml; path = "MBDebugPanelTestsApplicationContainer-Info.plist"; sourceTree = "<group>"; };
		9A10FA3E1EA5633500D2B095 /* MBDebugPanelTestsApplicationContainer-Prefix.pch */ = {isa = PBXFileReference; fileEncoding = 4; lastKnownFileType = sourcecode.c.h; path = "MBDebugPanelTestsApplicationContainer-Prefix.pch"; sourceTree = "<group>"; };
		9A5DE29B1EA55DC500C90F62 /* MBDebugPanelSimpleButtonComponentCell.xib */ = {isa = PBXFileReference; fileEncoding = 4; lastKnownFileType = file.xib; path = MBDebugPanelSimpleButtonComponentCell.xib; sourceTree = "<group>"; };
		9A5DE29C1EA55DC500C90F62 /* MBDebugPanelSimpleSwitchComponentCell.xib */ = {isa = PBXFileReference; fileEncoding = 4; lastKnownFileType = file.xib; path = MBDebugPanelSimpleSwitchComponentCell.xib; sourceTree = "<group>"; };
		9A5DE29D1EA55DC500C90F62 /* MBDebugPanelSimpleTextFieldComponentCell.xib */ = {isa = PBXFileReference; fileEncoding = 4; lastKnownFileType = file.xib; path = MBDebugPanelSimpleTextFieldComponentCell.xib; sourceTree = "<group>"; };
		9A5DE2A11EA55DC500C90F62 /* MBDebugPanelSimpleButtonComponent.h */ = {isa = PBXFileReference; fileEncoding = 4; lastKnownFileType = sourcecode.c.h; path = MBDebugPanelSimpleButtonComponent.h; sourceTree = "<group>"; };
		9A5DE2A21EA55DC500C90F62 /* MBDebugPanelSimpleButtonComponent.m */ = {isa = PBXFileReference; fileEncoding = 4; lastKnownFileType = sourcecode.c.objc; path = MBDebugPanelSimpleButtonComponent.m; sourceTree = "<group>"; };
		9A5DE2A31EA55DC500C90F62 /* MBDebugPanelSimpleComponent.h */ = {isa = PBXFileReference; fileEncoding = 4; lastKnownFileType = sourcecode.c.h; path = MBDebugPanelSimpleComponent.h; sourceTree = "<group>"; };
		9A5DE2A41EA55DC500C90F62 /* MBDebugPanelSimpleComponent.m */ = {isa = PBXFileReference; fileEncoding = 4; lastKnownFileType = sourcecode.c.objc; path = MBDebugPanelSimpleComponent.m; sourceTree = "<group>"; };
		9A5DE2A51EA55DC500C90F62 /* MBDebugPanelSimpleSwitchComponent.h */ = {isa = PBXFileReference; fileEncoding = 4; lastKnownFileType = sourcecode.c.h; path = MBDebugPanelSimpleSwitchComponent.h; sourceTree = "<group>"; };
		9A5DE2A61EA55DC500C90F62 /* MBDebugPanelSimpleSwitchComponent.m */ = {isa = PBXFileReference; fileEncoding = 4; lastKnownFileType = sourcecode.c.objc; path = MBDebugPanelSimpleSwitchComponent.m; sourceTree = "<group>"; };
		9A5DE2A71EA55DC500C90F62 /* MBDebugPanelSimpleTextFieldComponent.h */ = {isa = PBXFileReference; fileEncoding = 4; lastKnownFileType = sourcecode.c.h; path = MBDebugPanelSimpleTextFieldComponent.h; sourceTree = "<group>"; };
		9A5DE2A81EA55DC500C90F62 /* MBDebugPanelSimpleTextFieldComponent.m */ = {isa = PBXFileReference; fileEncoding = 4; lastKnownFileType = sourcecode.c.objc; path = MBDebugPanelSimpleTextFieldComponent.m; sourceTree = "<group>"; };
		9A5DE2A91EA55DC500C90F62 /* MBDebugPanel.h */ = {isa = PBXFileReference; fileEncoding = 4; lastKnownFileType = sourcecode.c.h; path = MBDebugPanel.h; sourceTree = "<group>"; };
		9A5DE2AA1EA55DC500C90F62 /* MBDebugPanel.m */ = {isa = PBXFileReference; fileEncoding = 4; lastKnownFileType = sourcecode.c.objc; path = MBDebugPanel.m; sourceTree = "<group>"; };
		9A5DE2AB1EA55DC500C90F62 /* MBDebugPanelComponent.h */ = {isa = PBXFileReference; fileEncoding = 4; lastKnownFileType = sourcecode.c.h; path = MBDebugPanelComponent.h; sourceTree = "<group>"; };
		9A5DE2AD1EA55DC500C90F62 /* MBDebugPanel_Private.h */ = {isa = PBXFileReference; fileEncoding = 4; lastKnownFileType = sourcecode.c.h; path = MBDebugPanel_Private.h; sourceTree = "<group>"; };
		9A5DE2AE1EA55DC500C90F62 /* MBDebugPanelSimpleComponent_Protected.h */ = {isa = PBXFileReference; fileEncoding = 4; lastKnownFileType = sourcecode.c.h; path = MBDebugPanelSimpleComponent_Protected.h; sourceTree = "<group>"; };
		9A5DE2B61EA55DC500C90F62 /* Info-iOS.plist */ = {isa = PBXFileReference; fileEncoding = 4; lastKnownFileType = text.plist.xml; path = "Info-iOS.plist"; sourceTree = "<group>"; };
		9A5DE2BA1EA55DC500C90F62 /* MBDebugPanel.h */ = {isa = PBXFileReference; fileEncoding = 4; lastKnownFileType = sourcecode.c.h; path = MBDebugPanel.h; sourceTree = "<group>"; };
		9A5DE3361EA55DEC00C90F62 /* en */ = {isa = PBXFileReference; lastKnownFileType = text.plist.strings; name = en; path = en.lproj/InfoPlist.strings; sourceTree = "<group>"; };
		9A5DE3371EA55DEC00C90F62 /* MBDebugPanelSimpleComponentTests.m */ = {isa = PBXFileReference; fileEncoding = 4; lastKnownFileType = sourcecode.c.objc; path = MBDebugPanelSimpleComponentTests.m; sourceTree = "<group>"; };
		9A5DE3381EA55DEC00C90F62 /* MBDebugPanelTests-Info.plist */ = {isa = PBXFileReference; fileEncoding = 4; lastKnownFileType = text.plist.xml; path = "MBDebugPanelTests-Info.plist"; sourceTree = "<group>"; };
		9A5DE3391EA55DEC00C90F62 /* MBDebugPanelTests-Prefix.pch */ = {isa = PBXFileReference; fileEncoding = 4; lastKnownFileType = sourcecode.c.h; path = "MBDebugPanelTests-Prefix.pch"; sourceTree = "<group>"; };
		9A5DE33A1EA55DEC00C90F62 /* MBDebugPanelTests.m */ = {isa = PBXFileReference; fileEncoding = 4; lastKnownFileType = sourcecode.c.objc; path = MBDebugPanelTests.m; sourceTree = "<group>"; };
		9A5DE33C1EA55DEC00C90F62 /* Info-Tests-iOS.plist */ = {isa = PBXFileReference; fileEncoding = 4; lastKnownFileType = text.plist.xml; path = "Info-Tests-iOS.plist"; sourceTree = "<group>"; };
		9A5DE3C31EA55EE400C90F62 /* XCTest.framework */ = {isa = PBXFileReference; lastKnownFileType = wrapper.framework; name = XCTest.framework; path = Platforms/iPhoneOS.platform/Developer/Library/Frameworks/XCTest.framework; sourceTree = DEVELOPER_DIR; };
		9A5DE3C51EA55EED00C90F62 /* UIKit.framework */ = {isa = PBXFileReference; lastKnownFileType = wrapper.framework; name = UIKit.framework; path = Platforms/iPhoneOS.platform/Developer/SDKs/iPhoneOS10.3.sdk/System/Library/Frameworks/UIKit.framework; sourceTree = DEVELOPER_DIR; };
		9A5DE3C71EA55EF400C90F62 /* Foundation.framework */ = {isa = PBXFileReference; lastKnownFileType = wrapper.framework; name = Foundation.framework; path = Platforms/iPhoneOS.platform/Developer/SDKs/iPhoneOS10.3.sdk/System/Library/Frameworks/Foundation.framework; sourceTree = DEVELOPER_DIR; };
		9AB6E68B1EA5574F002DB509 /* MBDebugPanel.framework */ = {isa = PBXFileReference; explicitFileType = wrapper.framework; includeInIndex = 0; path = MBDebugPanel.framework; sourceTree = BUILT_PRODUCTS_DIR; };
		9AB6E6931EA5574F002DB509 /* MBDebugPanel iOSTests.xctest */ = {isa = PBXFileReference; explicitFileType = wrapper.cfbundle; includeInIndex = 0; path = "MBDebugPanel iOSTests.xctest"; sourceTree = BUILT_PRODUCTS_DIR; };
		FD3CB35C18AC656F00FD9427 /* MBDebugPanelTestsApplicationContainer.app */ = {isa = PBXFileReference; explicitFileType = wrapper.application; includeInIndex = 0; path = MBDebugPanelTestsApplicationContainer.app; sourceTree = BUILT_PRODUCTS_DIR; };
		FD3CB35E18AC656F00FD9427 /* CoreGraphics.framework */ = {isa = PBXFileReference; lastKnownFileType = wrapper.framework; name = CoreGraphics.framework; path = System/Library/Frameworks/CoreGraphics.framework; sourceTree = SDKROOT; };
		FDCFACEF18A49E9200E4AD74 /* MBDebugPanelTests.xctest */ = {isa = PBXFileReference; explicitFileType = wrapper.cfbundle; includeInIndex = 0; path = MBDebugPanelTests.xctest; sourceTree = BUILT_PRODUCTS_DIR; };
/* End PBXFileReference section */

/* Begin PBXFrameworksBuildPhase section */
		9AB6E6871EA5574F002DB509 /* Frameworks */ = {
			isa = PBXFrameworksBuildPhase;
			buildActionMask = 2147483647;
			files = (
			);
			runOnlyForDeploymentPostprocessing = 0;
		};
		9AB6E6901EA5574F002DB509 /* Frameworks */ = {
			isa = PBXFrameworksBuildPhase;
			buildActionMask = 2147483647;
			files = (
				9AB6E6941EA5574F002DB509 /* MBDebugPanel.framework in Frameworks */,
			);
			runOnlyForDeploymentPostprocessing = 0;
		};
		FD3CB35918AC656F00FD9427 /* Frameworks */ = {
			isa = PBXFrameworksBuildPhase;
			buildActionMask = 2147483647;
			files = (
				9A619E491EA577DA00A4F984 /* UIKit.framework in Frameworks */,
				9A5DE3CB1EA55FAB00C90F62 /* XCTest.framework in Frameworks */,
				FD3CB35F18AC656F00FD9427 /* CoreGraphics.framework in Frameworks */,
				9AB6E6A01EA5574F002DB509 /* MBDebugPanel.framework in Frameworks */,
			);
			runOnlyForDeploymentPostprocessing = 0;
		};
		FDCFACEC18A49E9200E4AD74 /* Frameworks */ = {
			isa = PBXFrameworksBuildPhase;
			buildActionMask = 2147483647;
			files = (
				9A619E481EA5778D00A4F984 /* MBDebugPanel.framework in Frameworks */,
				9A5DE3C81EA55EF400C90F62 /* Foundation.framework in Frameworks */,
				9A5DE3C61EA55EED00C90F62 /* UIKit.framework in Frameworks */,
			);
			runOnlyForDeploymentPostprocessing = 0;
		};
/* End PBXFrameworksBuildPhase section */

/* Begin PBXGroup section */
		1B2A4CC3255C2BD100DA9688 /* MBDebugPanel */ = {
			isa = PBXGroup;
			children = (
				1B2A4CCE255C2F9800DA9688 /* Headers */,
				9A5DE2991EA55DC500C90F62 /* Assets */,
				9A5DE29E1EA55DC500C90F62 /* Classes */,
				9A5DE2B51EA55DC500C90F62 /* SupportingFiles */,
			);
			path = MBDebugPanel;
			sourceTree = "<group>";
		};
		1B2A4CCE255C2F9800DA9688 /* Headers */ = {
			isa = PBXGroup;
			children = (
				9A5DE2A91EA55DC500C90F62 /* MBDebugPanel.h */,
				9A5DE2AD1EA55DC500C90F62 /* MBDebugPanel_Private.h */,
				9A5DE2AB1EA55DC500C90F62 /* MBDebugPanelComponent.h */,
				9A5DE2A11EA55DC500C90F62 /* MBDebugPanelSimpleButtonComponent.h */,
				9A5DE2A31EA55DC500C90F62 /* MBDebugPanelSimpleComponent.h */,
				9A5DE2AE1EA55DC500C90F62 /* MBDebugPanelSimpleComponent_Protected.h */,
				9A5DE2A51EA55DC500C90F62 /* MBDebugPanelSimpleSwitchComponent.h */,
				9A5DE2A71EA55DC500C90F62 /* MBDebugPanelSimpleTextFieldComponent.h */,
			);
			path = Headers;
			sourceTree = "<group>";
		};
		9A10FA361EA5633500D2B095 /* MBDebugPanelTestsApplicationContainer */ = {
			isa = PBXGroup;
			children = (
				9A10FA371EA5633500D2B095 /* InfoPlist.strings */,
				9A10FA391EA5633500D2B095 /* Images.xcassets */,
				9A10FA3A1EA5633500D2B095 /* main.m */,
				9A10FA3B1EA5633500D2B095 /* MBAppDelegate.h */,
				9A10FA3C1EA5633500D2B095 /* MBAppDelegate.m */,
				9A10FA3D1EA5633500D2B095 /* MBDebugPanelTestsApplicationContainer-Info.plist */,
				9A10FA3E1EA5633500D2B095 /* MBDebugPanelTestsApplicationContainer-Prefix.pch */,
			);
			path = MBDebugPanelTestsApplicationContainer;
			sourceTree = "<group>";
		};
		9A5DE2981EA55DC500C90F62 /* Sources */ = {
			isa = PBXGroup;
			children = (
				1B2A4CC3255C2BD100DA9688 /* MBDebugPanel */,
			);
			path = Sources;
			sourceTree = "<group>";
		};
		9A5DE2991EA55DC500C90F62 /* Assets */ = {
			isa = PBXGroup;
			children = (
				9A5DE29A1EA55DC500C90F62 /* componentCells */,
			);
			path = Assets;
			sourceTree = "<group>";
		};
		9A5DE29A1EA55DC500C90F62 /* componentCells */ = {
			isa = PBXGroup;
			children = (
				9A5DE29B1EA55DC500C90F62 /* MBDebugPanelSimpleButtonComponentCell.xib */,
				9A5DE29C1EA55DC500C90F62 /* MBDebugPanelSimpleSwitchComponentCell.xib */,
				9A5DE29D1EA55DC500C90F62 /* MBDebugPanelSimpleTextFieldComponentCell.xib */,
			);
			path = componentCells;
			sourceTree = "<group>";
		};
		9A5DE29E1EA55DC500C90F62 /* Classes */ = {
			isa = PBXGroup;
			children = (
				9A5DE29F1EA55DC500C90F62 /* ios */,
			);
			path = Classes;
			sourceTree = "<group>";
		};
		9A5DE29F1EA55DC500C90F62 /* ios */ = {
			isa = PBXGroup;
			children = (
				9A5DE2A01EA55DC500C90F62 /* components */,
				9A5DE2AA1EA55DC500C90F62 /* MBDebugPanel.m */,
				9A5DE2AC1EA55DC500C90F62 /* private */,
			);
			path = ios;
			sourceTree = "<group>";
		};
		9A5DE2A01EA55DC500C90F62 /* components */ = {
			isa = PBXGroup;
			children = (
				9A5DE2A21EA55DC500C90F62 /* MBDebugPanelSimpleButtonComponent.m */,
				9A5DE2A41EA55DC500C90F62 /* MBDebugPanelSimpleComponent.m */,
				9A5DE2A61EA55DC500C90F62 /* MBDebugPanelSimpleSwitchComponent.m */,
				9A5DE2A81EA55DC500C90F62 /* MBDebugPanelSimpleTextFieldComponent.m */,
			);
			path = components;
			sourceTree = "<group>";
		};
		9A5DE2AC1EA55DC500C90F62 /* private */ = {
			isa = PBXGroup;
			children = (
			);
			path = private;
			sourceTree = "<group>";
		};
		9A5DE2B51EA55DC500C90F62 /* SupportingFiles */ = {
			isa = PBXGroup;
			children = (
				9A5DE2B61EA55DC500C90F62 /* Info-iOS.plist */,
				9A5DE2BA1EA55DC500C90F62 /* MBDebugPanel.h */,
			);
			path = SupportingFiles;
			sourceTree = "<group>";
		};
		9A5DE3331EA55DEC00C90F62 /* Tests */ = {
			isa = PBXGroup;
			children = (
				9A10FA361EA5633500D2B095 /* MBDebugPanelTestsApplicationContainer */,
				9A5DE3341EA55DEC00C90F62 /* MBDebugPanelTests */,
			);
			path = Tests;
			sourceTree = "<group>";
		};
		9A5DE3341EA55DEC00C90F62 /* MBDebugPanelTests */ = {
			isa = PBXGroup;
			children = (
				9A5DE3351EA55DEC00C90F62 /* InfoPlist.strings */,
				9A5DE3371EA55DEC00C90F62 /* MBDebugPanelSimpleComponentTests.m */,
				9A5DE3381EA55DEC00C90F62 /* MBDebugPanelTests-Info.plist */,
				9A5DE3391EA55DEC00C90F62 /* MBDebugPanelTests-Prefix.pch */,
				9A5DE33A1EA55DEC00C90F62 /* MBDebugPanelTests.m */,
				9A5DE33B1EA55DEC00C90F62 /* Supporting Files */,
			);
			path = MBDebugPanelTests;
			sourceTree = "<group>";
		};
		9A5DE33B1EA55DEC00C90F62 /* Supporting Files */ = {
			isa = PBXGroup;
			children = (
				9A5DE33C1EA55DEC00C90F62 /* Info-Tests-iOS.plist */,
			);
			path = "Supporting Files";
			sourceTree = "<group>";
		};
		FDCFACE418A49E6800E4AD74 = {
			isa = PBXGroup;
			children = (
				1B2A4CC7255C2C7F00DA9688 /* Package.swift */,
				9A5DE2981EA55DC500C90F62 /* Sources */,
				9A5DE3331EA55DEC00C90F62 /* Tests */,
				FDCFACF118A49E9200E4AD74 /* Frameworks */,
				FDCFACF018A49E9200E4AD74 /* Products */,
			);
			sourceTree = "<group>";
		};
		FDCFACF018A49E9200E4AD74 /* Products */ = {
			isa = PBXGroup;
			children = (
				FDCFACEF18A49E9200E4AD74 /* MBDebugPanelTests.xctest */,
				FD3CB35C18AC656F00FD9427 /* MBDebugPanelTestsApplicationContainer.app */,
				9AB6E68B1EA5574F002DB509 /* MBDebugPanel.framework */,
				9AB6E6931EA5574F002DB509 /* MBDebugPanel iOSTests.xctest */,
			);
			name = Products;
			sourceTree = "<group>";
		};
		FDCFACF118A49E9200E4AD74 /* Frameworks */ = {
			isa = PBXGroup;
			children = (
				9A5DE3C71EA55EF400C90F62 /* Foundation.framework */,
				9A5DE3C51EA55EED00C90F62 /* UIKit.framework */,
				9A5DE3C31EA55EE400C90F62 /* XCTest.framework */,
				FD3CB35E18AC656F00FD9427 /* CoreGraphics.framework */,
			);
			name = Frameworks;
			sourceTree = "<group>";
		};
/* End PBXGroup section */

/* Begin PBXHeadersBuildPhase section */
		9AB6E6881EA5574F002DB509 /* Headers */ = {
			isa = PBXHeadersBuildPhase;
			buildActionMask = 2147483647;
			files = (
				9A5DE2CA1EA55DC500C90F62 /* MBDebugPanelSimpleButtonComponent.h in Headers */,
				9A5DE2D31EA55DC500C90F62 /* MBDebugPanelSimpleComponent.h in Headers */,
				9A5DE2EE1EA55DC500C90F62 /* MBDebugPanel.h in Headers */,
				9A5DE2DC1EA55DC500C90F62 /* MBDebugPanelSimpleSwitchComponent.h in Headers */,
				9A5DE2FF1EA55DC500C90F62 /* MBDebugPanelSimpleComponent_Protected.h in Headers */,
				9A5DE3641EA55DEC00C90F62 /* MBDebugPanelTests-Prefix.pch in Headers */,
				9A5DE2FB1EA55DC500C90F62 /* MBDebugPanel_Private.h in Headers */,
				9A5DE2E51EA55DC500C90F62 /* MBDebugPanelSimpleTextFieldComponent.h in Headers */,
				9A5DE32F1EA55DC500C90F62 /* MBDebugPanel.h in Headers */,
				9A5DE2F71EA55DC500C90F62 /* MBDebugPanelComponent.h in Headers */,
			);
			runOnlyForDeploymentPostprocessing = 0;
		};
/* End PBXHeadersBuildPhase section */

/* Begin PBXNativeTarget section */
		9AB6E68A1EA5574F002DB509 /* MBDebugPanel iOS */ = {
			isa = PBXNativeTarget;
			buildConfigurationList = 9AB6E6A61EA5574F002DB509 /* Build configuration list for PBXNativeTarget "MBDebugPanel iOS" */;
			buildPhases = (
				9AB6E6861EA5574F002DB509 /* Sources */,
				9AB6E6871EA5574F002DB509 /* Frameworks */,
				9AB6E6881EA5574F002DB509 /* Headers */,
				9AB6E6891EA5574F002DB509 /* Resources */,
			);
			buildRules = (
			);
			dependencies = (
			);
			name = "MBDebugPanel iOS";
			productName = "MBDebugPanel iOS";
			productReference = 9AB6E68B1EA5574F002DB509 /* MBDebugPanel.framework */;
			productType = "com.apple.product-type.framework";
		};
		9AB6E6921EA5574F002DB509 /* MBDebugPanel iOSTests */ = {
			isa = PBXNativeTarget;
			buildConfigurationList = 9AB6E6A81EA5574F002DB509 /* Build configuration list for PBXNativeTarget "MBDebugPanel iOSTests" */;
			buildPhases = (
				9AB6E68F1EA5574F002DB509 /* Sources */,
				9AB6E6901EA5574F002DB509 /* Frameworks */,
				9AB6E6911EA5574F002DB509 /* Resources */,
			);
			buildRules = (
			);
			dependencies = (
				9AB6E6961EA5574F002DB509 /* PBXTargetDependency */,
				9AB6E6981EA5574F002DB509 /* PBXTargetDependency */,
			);
			name = "MBDebugPanel iOSTests";
			productName = "MBDebugPanel iOSTests";
			productReference = 9AB6E6931EA5574F002DB509 /* MBDebugPanel iOSTests.xctest */;
			productType = "com.apple.product-type.bundle.unit-test";
		};
		FD3CB35B18AC656F00FD9427 /* MBDebugPanelTestsApplicationContainer */ = {
			isa = PBXNativeTarget;
			buildConfigurationList = FD3CB38118AC656F00FD9427 /* Build configuration list for PBXNativeTarget "MBDebugPanelTestsApplicationContainer" */;
			buildPhases = (
				FD3CB35818AC656F00FD9427 /* Sources */,
				FD3CB35918AC656F00FD9427 /* Frameworks */,
				FD3CB35A18AC656F00FD9427 /* Resources */,
				9AB6E6A71EA5574F002DB509 /* Embed Frameworks */,
			);
			buildRules = (
			);
			dependencies = (
				9AB6E69F1EA5574F002DB509 /* PBXTargetDependency */,
			);
			name = MBDebugPanelTestsApplicationContainer;
			productName = MBDebugPanelTestsApplicationContainer;
			productReference = FD3CB35C18AC656F00FD9427 /* MBDebugPanelTestsApplicationContainer.app */;
			productType = "com.apple.product-type.application";
		};
		FDCFACEE18A49E9200E4AD74 /* MBDebugPanelTests */ = {
			isa = PBXNativeTarget;
			buildConfigurationList = FDCFAD0118A49E9200E4AD74 /* Build configuration list for PBXNativeTarget "MBDebugPanelTests" */;
			buildPhases = (
				FDCFACEB18A49E9200E4AD74 /* Sources */,
				FDCFACEC18A49E9200E4AD74 /* Frameworks */,
				FDCFACED18A49E9200E4AD74 /* Resources */,
			);
			buildRules = (
			);
			dependencies = (
				9A5DE3C21EA55E4400C90F62 /* PBXTargetDependency */,
			);
			name = MBDebugPanelTests;
			productName = MBDebugPanelTests;
			productReference = FDCFACEF18A49E9200E4AD74 /* MBDebugPanelTests.xctest */;
			productType = "com.apple.product-type.bundle.unit-test";
		};
/* End PBXNativeTarget section */

/* Begin PBXProject section */
		FDCFACE518A49E6800E4AD74 /* Project object */ = {
			isa = PBXProject;
			attributes = {
				LastSwiftUpdateCheck = 0830;
				LastUpgradeCheck = 1010;
				TargetAttributes = {
					9AB6E68A1EA5574F002DB509 = {
						CreatedOnToolsVersion = 8.3.1;
						ProvisioningStyle = Manual;
					};
					9AB6E6921EA5574F002DB509 = {
						CreatedOnToolsVersion = 8.3.1;
						DevelopmentTeam = WP7NQVPB66;
						ProvisioningStyle = Automatic;
					};
					FD3CB35B18AC656F00FD9427 = {
						DevelopmentTeam = WP7NQVPB66;
						ProvisioningStyle = Automatic;
					};
					FDCFACEE18A49E9200E4AD74 = {
						DevelopmentTeam = WP7NQVPB66;
						ProvisioningStyle = Automatic;
						TestTargetID = FD3CB35B18AC656F00FD9427;
					};
				};
			};
			buildConfigurationList = FDCFACE818A49E6800E4AD74 /* Build configuration list for PBXProject "MBDebugPanel" */;
			compatibilityVersion = "Xcode 3.2";
			developmentRegion = English;
			hasScannedForEncodings = 0;
			knownRegions = (
				English,
				en,
			);
			mainGroup = FDCFACE418A49E6800E4AD74;
			productRefGroup = FDCFACF018A49E9200E4AD74 /* Products */;
			projectDirPath = "";
			projectRoot = "";
			targets = (
				9AB6E68A1EA5574F002DB509 /* MBDebugPanel iOS */,
				9AB6E6921EA5574F002DB509 /* MBDebugPanel iOSTests */,
				FDCFACEE18A49E9200E4AD74 /* MBDebugPanelTests */,
				FD3CB35B18AC656F00FD9427 /* MBDebugPanelTestsApplicationContainer */,
			);
		};
/* End PBXProject section */

/* Begin PBXResourcesBuildPhase section */
		9AB6E6891EA5574F002DB509 /* Resources */ = {
			isa = PBXResourcesBuildPhase;
			buildActionMask = 2147483647;
			files = (
				9A5DE2C11EA55DC500C90F62 /* MBDebugPanelSimpleSwitchComponentCell.xib in Resources */,
				9A5DE2C61EA55DC500C90F62 /* MBDebugPanelSimpleTextFieldComponentCell.xib in Resources */,
				9A5DE2BC1EA55DC500C90F62 /* MBDebugPanelSimpleButtonComponentCell.xib in Resources */,
			);
			runOnlyForDeploymentPostprocessing = 0;
		};
		9AB6E6911EA5574F002DB509 /* Resources */ = {
			isa = PBXResourcesBuildPhase;
			buildActionMask = 2147483647;
			files = (
				9A5DE34F1EA55DEC00C90F62 /* InfoPlist.strings in Resources */,
			);
			runOnlyForDeploymentPostprocessing = 0;
		};
		FD3CB35A18AC656F00FD9427 /* Resources */ = {
			isa = PBXResourcesBuildPhase;
			buildActionMask = 2147483647;
			files = (
			);
			runOnlyForDeploymentPostprocessing = 0;
		};
		FDCFACED18A49E9200E4AD74 /* Resources */ = {
			isa = PBXResourcesBuildPhase;
			buildActionMask = 2147483647;
			files = (
				9A5DE2C01EA55DC500C90F62 /* MBDebugPanelSimpleSwitchComponentCell.xib in Resources */,
				9A10FA411EA5633500D2B095 /* Images.xcassets in Resources */,
				9A10FA401EA5633500D2B095 /* InfoPlist.strings in Resources */,
				9A10FA441EA5633500D2B095 /* MBDebugPanelTestsApplicationContainer-Info.plist in Resources */,
				9A5DE2C51EA55DC500C90F62 /* MBDebugPanelSimpleTextFieldComponentCell.xib in Resources */,
				9A5DE2BB1EA55DC500C90F62 /* MBDebugPanelSimpleButtonComponentCell.xib in Resources */,
			);
			runOnlyForDeploymentPostprocessing = 0;
		};
/* End PBXResourcesBuildPhase section */

/* Begin PBXSourcesBuildPhase section */
		9AB6E6861EA5574F002DB509 /* Sources */ = {
			isa = PBXSourcesBuildPhase;
			buildActionMask = 2147483647;
			files = (
				9A5DE2CF1EA55DC500C90F62 /* MBDebugPanelSimpleButtonComponent.m in Sources */,
				9A5DE2EA1EA55DC500C90F62 /* MBDebugPanelSimpleTextFieldComponent.m in Sources */,
				9A5DE2F31EA55DC500C90F62 /* MBDebugPanel.m in Sources */,
				9A5DE2E11EA55DC500C90F62 /* MBDebugPanelSimpleSwitchComponent.m in Sources */,
				9A5DE2D81EA55DC500C90F62 /* MBDebugPanelSimpleComponent.m in Sources */,
			);
			runOnlyForDeploymentPostprocessing = 0;
		};
		9AB6E68F1EA5574F002DB509 /* Sources */ = {
			isa = PBXSourcesBuildPhase;
			buildActionMask = 2147483647;
			files = (
				9A5DE3581EA55DEC00C90F62 /* MBDebugPanelSimpleComponentTests.m in Sources */,
				9A5DE36E1EA55DEC00C90F62 /* MBDebugPanelTests.m in Sources */,
			);
			runOnlyForDeploymentPostprocessing = 0;
		};
		FD3CB35818AC656F00FD9427 /* Sources */ = {
			isa = PBXSourcesBuildPhase;
			buildActionMask = 2147483647;
			files = (
			);
			runOnlyForDeploymentPostprocessing = 0;
		};
		FDCFACEB18A49E9200E4AD74 /* Sources */ = {
			isa = PBXSourcesBuildPhase;
			buildActionMask = 2147483647;
			files = (
				9A10FA431EA5633500D2B095 /* MBAppDelegate.m in Sources */,
				9A10FA421EA5633500D2B095 /* main.m in Sources */,
			);
			runOnlyForDeploymentPostprocessing = 0;
		};
/* End PBXSourcesBuildPhase section */

/* Begin PBXTargetDependency section */
		9A5DE3C21EA55E4400C90F62 /* PBXTargetDependency */ = {
			isa = PBXTargetDependency;
			target = FD3CB35B18AC656F00FD9427 /* MBDebugPanelTestsApplicationContainer */;
			targetProxy = 9A5DE3C11EA55E4400C90F62 /* PBXContainerItemProxy */;
		};
		9AB6E6961EA5574F002DB509 /* PBXTargetDependency */ = {
			isa = PBXTargetDependency;
			target = 9AB6E68A1EA5574F002DB509 /* MBDebugPanel iOS */;
			targetProxy = 9AB6E6951EA5574F002DB509 /* PBXContainerItemProxy */;
		};
		9AB6E6981EA5574F002DB509 /* PBXTargetDependency */ = {
			isa = PBXTargetDependency;
			target = FD3CB35B18AC656F00FD9427 /* MBDebugPanelTestsApplicationContainer */;
			targetProxy = 9AB6E6971EA5574F002DB509 /* PBXContainerItemProxy */;
		};
		9AB6E69F1EA5574F002DB509 /* PBXTargetDependency */ = {
			isa = PBXTargetDependency;
			target = 9AB6E68A1EA5574F002DB509 /* MBDebugPanel iOS */;
			targetProxy = 9AB6E69E1EA5574F002DB509 /* PBXContainerItemProxy */;
		};
/* End PBXTargetDependency section */

/* Begin PBXVariantGroup section */
		9A10FA371EA5633500D2B095 /* InfoPlist.strings */ = {
			isa = PBXVariantGroup;
			children = (
				9A10FA381EA5633500D2B095 /* en */,
			);
			name = InfoPlist.strings;
			sourceTree = "<group>";
		};
		9A5DE3351EA55DEC00C90F62 /* InfoPlist.strings */ = {
			isa = PBXVariantGroup;
			children = (
				9A5DE3361EA55DEC00C90F62 /* en */,
			);
			name = InfoPlist.strings;
			sourceTree = "<group>";
		};
/* End PBXVariantGroup section */

/* Begin XCBuildConfiguration section */
		9AB6E6A21EA5574F002DB509 /* Debug */ = {
			isa = XCBuildConfiguration;
			buildSettings = {
				ALWAYS_EMBED_SWIFT_STANDARD_LIBRARIES = YES;
				ALWAYS_SEARCH_USER_PATHS = NO;
				CLANG_ANALYZER_NONNULL = YES;
				CLANG_ANALYZER_NUMBER_OBJECT_CONVERSION = YES_AGGRESSIVE;
				CLANG_CXX_LANGUAGE_STANDARD = "gnu++0x";
				CLANG_CXX_LIBRARY = "libc++";
				CLANG_ENABLE_MODULES = YES;
				CLANG_ENABLE_OBJC_ARC = YES;
				CLANG_WARN_BOOL_CONVERSION = YES;
				CLANG_WARN_CONSTANT_CONVERSION = YES;
				CLANG_WARN_DIRECT_OBJC_ISA_USAGE = YES_ERROR;
				CLANG_WARN_DOCUMENTATION_COMMENTS = YES;
				CLANG_WARN_EMPTY_BODY = YES;
				CLANG_WARN_ENUM_CONVERSION = YES;
				CLANG_WARN_INFINITE_RECURSION = YES;
				CLANG_WARN_INT_CONVERSION = YES;
				CLANG_WARN_OBJC_ROOT_CLASS = YES_ERROR;
				CLANG_WARN_SUSPICIOUS_MOVE = YES;
				CLANG_WARN_UNREACHABLE_CODE = YES;
				CLANG_WARN__DUPLICATE_METHOD_MATCH = YES;
				CODE_SIGN_IDENTITY = "";
				"CODE_SIGN_IDENTITY[sdk=iphoneos*]" = "";
				COPY_PHASE_STRIP = NO;
				CURRENT_PROJECT_VERSION = 1;
				DEBUG_INFORMATION_FORMAT = dwarf;
				DEFINES_MODULE = YES;
				DEVELOPMENT_TEAM = "";
				DYLIB_COMPATIBILITY_VERSION = 1;
				DYLIB_CURRENT_VERSION = 1;
				DYLIB_INSTALL_NAME_BASE = "@rpath";
				ENABLE_STRICT_OBJC_MSGSEND = YES;
				ENABLE_TESTABILITY = YES;
				GCC_C_LANGUAGE_STANDARD = gnu99;
				GCC_DYNAMIC_NO_PIC = NO;
				GCC_NO_COMMON_BLOCKS = YES;
				GCC_OPTIMIZATION_LEVEL = 0;
				GCC_PREPROCESSOR_DEFINITIONS = (
					"DEBUG=1",
					"$(inherited)",
				);
				GCC_WARN_64_TO_32_BIT_CONVERSION = YES;
				GCC_WARN_ABOUT_RETURN_TYPE = YES_ERROR;
				GCC_WARN_UNDECLARED_SELECTOR = YES;
				GCC_WARN_UNINITIALIZED_AUTOS = YES_AGGRESSIVE;
				GCC_WARN_UNUSED_FUNCTION = YES;
				GCC_WARN_UNUSED_VARIABLE = YES;
				INFOPLIST_FILE = "$(SRCROOT)/Sources/MBDebugPanel/SupportingFiles/Info-iOS.plist";
				INSTALL_PATH = "$(LOCAL_LIBRARY_DIR)/Frameworks";
				IPHONEOS_DEPLOYMENT_TARGET = 8.0;
				LD_RUNPATH_SEARCH_PATHS = "$(inherited) @executable_path/Frameworks @loader_path/Frameworks";
				MTL_ENABLE_DEBUG_INFO = YES;
				ONLY_ACTIVE_ARCH = YES;
				PRODUCT_BUNDLE_IDENTIFIER = com.mindbodyonline.MBDebugPanel;
				PRODUCT_NAME = MBDebugPanel;
				PROVISIONING_PROFILE_SPECIFIER = "";
				SDKROOT = iphoneos;
				SKIP_INSTALL = YES;
				SWIFT_ACTIVE_COMPILATION_CONDITIONS = DEBUG;
				SWIFT_OPTIMIZATION_LEVEL = "-Onone";
				SWIFT_VERSION = 3.0;
				TARGETED_DEVICE_FAMILY = "1,2";
				VERSIONING_SYSTEM = "apple-generic";
				VERSION_INFO_PREFIX = "";
			};
			name = Debug;
		};
		9AB6E6A31EA5574F002DB509 /* Release */ = {
			isa = XCBuildConfiguration;
			buildSettings = {
				ALWAYS_EMBED_SWIFT_STANDARD_LIBRARIES = YES;
				ALWAYS_SEARCH_USER_PATHS = NO;
				CLANG_ANALYZER_NONNULL = YES;
				CLANG_ANALYZER_NUMBER_OBJECT_CONVERSION = YES_AGGRESSIVE;
				CLANG_CXX_LANGUAGE_STANDARD = "gnu++0x";
				CLANG_CXX_LIBRARY = "libc++";
				CLANG_ENABLE_MODULES = YES;
				CLANG_ENABLE_OBJC_ARC = YES;
				CLANG_WARN_BOOL_CONVERSION = YES;
				CLANG_WARN_CONSTANT_CONVERSION = YES;
				CLANG_WARN_DIRECT_OBJC_ISA_USAGE = YES_ERROR;
				CLANG_WARN_DOCUMENTATION_COMMENTS = YES;
				CLANG_WARN_EMPTY_BODY = YES;
				CLANG_WARN_ENUM_CONVERSION = YES;
				CLANG_WARN_INFINITE_RECURSION = YES;
				CLANG_WARN_INT_CONVERSION = YES;
				CLANG_WARN_OBJC_ROOT_CLASS = YES_ERROR;
				CLANG_WARN_SUSPICIOUS_MOVE = YES;
				CLANG_WARN_UNREACHABLE_CODE = YES;
				CLANG_WARN__DUPLICATE_METHOD_MATCH = YES;
				CODE_SIGN_IDENTITY = "";
				"CODE_SIGN_IDENTITY[sdk=iphoneos*]" = "";
				COPY_PHASE_STRIP = NO;
				CURRENT_PROJECT_VERSION = 1;
				DEBUG_INFORMATION_FORMAT = "dwarf-with-dsym";
				DEFINES_MODULE = YES;
				DEVELOPMENT_TEAM = "";
				DYLIB_COMPATIBILITY_VERSION = 1;
				DYLIB_CURRENT_VERSION = 1;
				DYLIB_INSTALL_NAME_BASE = "@rpath";
				ENABLE_NS_ASSERTIONS = NO;
				ENABLE_STRICT_OBJC_MSGSEND = YES;
				GCC_C_LANGUAGE_STANDARD = gnu99;
				GCC_NO_COMMON_BLOCKS = YES;
				GCC_WARN_64_TO_32_BIT_CONVERSION = YES;
				GCC_WARN_ABOUT_RETURN_TYPE = YES_ERROR;
				GCC_WARN_UNDECLARED_SELECTOR = YES;
				GCC_WARN_UNINITIALIZED_AUTOS = YES_AGGRESSIVE;
				GCC_WARN_UNUSED_FUNCTION = YES;
				GCC_WARN_UNUSED_VARIABLE = YES;
				INFOPLIST_FILE = "$(SRCROOT)/Sources/MBDebugPanel/SupportingFiles/Info-iOS.plist";
				INSTALL_PATH = "$(LOCAL_LIBRARY_DIR)/Frameworks";
				IPHONEOS_DEPLOYMENT_TARGET = 8.0;
				LD_RUNPATH_SEARCH_PATHS = "$(inherited) @executable_path/Frameworks @loader_path/Frameworks";
				MTL_ENABLE_DEBUG_INFO = NO;
				PRODUCT_BUNDLE_IDENTIFIER = com.mindbodyonline.MBDebugPanel;
				PRODUCT_NAME = MBDebugPanel;
				PROVISIONING_PROFILE_SPECIFIER = "";
				SDKROOT = iphoneos;
				SKIP_INSTALL = YES;
				SWIFT_OPTIMIZATION_LEVEL = "-Owholemodule";
				SWIFT_VERSION = 3.0;
				TARGETED_DEVICE_FAMILY = "1,2";
				VALIDATE_PRODUCT = YES;
				VERSIONING_SYSTEM = "apple-generic";
				VERSION_INFO_PREFIX = "";
			};
			name = Release;
		};
		9AB6E6A41EA5574F002DB509 /* Debug */ = {
			isa = XCBuildConfiguration;
			buildSettings = {
				ALWAYS_SEARCH_USER_PATHS = NO;
				CLANG_ANALYZER_NONNULL = YES;
				CLANG_ANALYZER_NUMBER_OBJECT_CONVERSION = YES_AGGRESSIVE;
				CLANG_CXX_LANGUAGE_STANDARD = "gnu++0x";
				CLANG_CXX_LIBRARY = "libc++";
				CLANG_ENABLE_MODULES = YES;
				CLANG_ENABLE_OBJC_ARC = YES;
				CLANG_WARN_BOOL_CONVERSION = YES;
				CLANG_WARN_CONSTANT_CONVERSION = YES;
				CLANG_WARN_DIRECT_OBJC_ISA_USAGE = YES_ERROR;
				CLANG_WARN_DOCUMENTATION_COMMENTS = YES;
				CLANG_WARN_EMPTY_BODY = YES;
				CLANG_WARN_ENUM_CONVERSION = YES;
				CLANG_WARN_INFINITE_RECURSION = YES;
				CLANG_WARN_INT_CONVERSION = YES;
				CLANG_WARN_OBJC_ROOT_CLASS = YES_ERROR;
				CLANG_WARN_SUSPICIOUS_MOVE = YES;
				CLANG_WARN_UNREACHABLE_CODE = YES;
				CLANG_WARN__DUPLICATE_METHOD_MATCH = YES;
				"CODE_SIGN_IDENTITY[sdk=iphoneos*]" = "iPhone Developer";
				COPY_PHASE_STRIP = NO;
				DEBUG_INFORMATION_FORMAT = dwarf;
				DEVELOPMENT_TEAM = WP7NQVPB66;
				ENABLE_STRICT_OBJC_MSGSEND = YES;
				ENABLE_TESTABILITY = YES;
				GCC_C_LANGUAGE_STANDARD = gnu99;
				GCC_DYNAMIC_NO_PIC = NO;
				GCC_NO_COMMON_BLOCKS = YES;
				GCC_OPTIMIZATION_LEVEL = 0;
				GCC_PREPROCESSOR_DEFINITIONS = (
					"DEBUG=1",
					"$(inherited)",
				);
				GCC_WARN_64_TO_32_BIT_CONVERSION = YES;
				GCC_WARN_ABOUT_RETURN_TYPE = YES_ERROR;
				GCC_WARN_UNDECLARED_SELECTOR = YES;
				GCC_WARN_UNINITIALIZED_AUTOS = YES_AGGRESSIVE;
				GCC_WARN_UNUSED_FUNCTION = YES;
				GCC_WARN_UNUSED_VARIABLE = YES;
				INFOPLIST_FILE = "Tests/MBDebugPanelTests/Supporting Files/Info-Tests-iOS.plist";
				IPHONEOS_DEPLOYMENT_TARGET = 10.3;
				LD_RUNPATH_SEARCH_PATHS = "$(inherited) @executable_path/Frameworks @loader_path/Frameworks";
				MTL_ENABLE_DEBUG_INFO = YES;
				ONLY_ACTIVE_ARCH = YES;
				PRODUCT_BUNDLE_IDENTIFIER = "com.mindbodyonline.MBDebugPanel-iOSTests";
				PRODUCT_NAME = "$(TARGET_NAME)";
				SDKROOT = iphoneos;
				SWIFT_ACTIVE_COMPILATION_CONDITIONS = DEBUG;
				SWIFT_OPTIMIZATION_LEVEL = "-Onone";
				SWIFT_VERSION = 3.0;
			};
			name = Debug;
		};
		9AB6E6A51EA5574F002DB509 /* Release */ = {
			isa = XCBuildConfiguration;
			buildSettings = {
				ALWAYS_SEARCH_USER_PATHS = NO;
				CLANG_ANALYZER_NONNULL = YES;
				CLANG_ANALYZER_NUMBER_OBJECT_CONVERSION = YES_AGGRESSIVE;
				CLANG_CXX_LANGUAGE_STANDARD = "gnu++0x";
				CLANG_CXX_LIBRARY = "libc++";
				CLANG_ENABLE_MODULES = YES;
				CLANG_ENABLE_OBJC_ARC = YES;
				CLANG_WARN_BOOL_CONVERSION = YES;
				CLANG_WARN_CONSTANT_CONVERSION = YES;
				CLANG_WARN_DIRECT_OBJC_ISA_USAGE = YES_ERROR;
				CLANG_WARN_DOCUMENTATION_COMMENTS = YES;
				CLANG_WARN_EMPTY_BODY = YES;
				CLANG_WARN_ENUM_CONVERSION = YES;
				CLANG_WARN_INFINITE_RECURSION = YES;
				CLANG_WARN_INT_CONVERSION = YES;
				CLANG_WARN_OBJC_ROOT_CLASS = YES_ERROR;
				CLANG_WARN_SUSPICIOUS_MOVE = YES;
				CLANG_WARN_UNREACHABLE_CODE = YES;
				CLANG_WARN__DUPLICATE_METHOD_MATCH = YES;
				"CODE_SIGN_IDENTITY[sdk=iphoneos*]" = "iPhone Developer";
				COPY_PHASE_STRIP = NO;
				DEBUG_INFORMATION_FORMAT = "dwarf-with-dsym";
				DEVELOPMENT_TEAM = WP7NQVPB66;
				ENABLE_NS_ASSERTIONS = NO;
				ENABLE_STRICT_OBJC_MSGSEND = YES;
				GCC_C_LANGUAGE_STANDARD = gnu99;
				GCC_NO_COMMON_BLOCKS = YES;
				GCC_WARN_64_TO_32_BIT_CONVERSION = YES;
				GCC_WARN_ABOUT_RETURN_TYPE = YES_ERROR;
				GCC_WARN_UNDECLARED_SELECTOR = YES;
				GCC_WARN_UNINITIALIZED_AUTOS = YES_AGGRESSIVE;
				GCC_WARN_UNUSED_FUNCTION = YES;
				GCC_WARN_UNUSED_VARIABLE = YES;
				INFOPLIST_FILE = "Tests/MBDebugPanelTests/Supporting Files/Info-Tests-iOS.plist";
				IPHONEOS_DEPLOYMENT_TARGET = 10.3;
				LD_RUNPATH_SEARCH_PATHS = "$(inherited) @executable_path/Frameworks @loader_path/Frameworks";
				MTL_ENABLE_DEBUG_INFO = NO;
				PRODUCT_BUNDLE_IDENTIFIER = "com.mindbodyonline.MBDebugPanel-iOSTests";
				PRODUCT_NAME = "$(TARGET_NAME)";
				SDKROOT = iphoneos;
				SWIFT_OPTIMIZATION_LEVEL = "-Owholemodule";
				SWIFT_VERSION = 3.0;
				VALIDATE_PRODUCT = YES;
			};
			name = Release;
		};
		FD3CB38218AC656F00FD9427 /* Debug */ = {
			isa = XCBuildConfiguration;
			buildSettings = {
				ALWAYS_SEARCH_USER_PATHS = NO;
				ASSETCATALOG_COMPILER_APPICON_NAME = AppIcon;
				ASSETCATALOG_COMPILER_LAUNCHIMAGE_NAME = LaunchImage;
				CLANG_CXX_LANGUAGE_STANDARD = "gnu++0x";
				CLANG_CXX_LIBRARY = "libc++";
				CLANG_ENABLE_MODULES = YES;
				CLANG_ENABLE_OBJC_ARC = YES;
				CLANG_WARN_BOOL_CONVERSION = YES;
				CLANG_WARN_CONSTANT_CONVERSION = YES;
				CLANG_WARN_DIRECT_OBJC_ISA_USAGE = YES_ERROR;
				CLANG_WARN_EMPTY_BODY = YES;
				CLANG_WARN_ENUM_CONVERSION = YES;
				CLANG_WARN_INT_CONVERSION = YES;
				CLANG_WARN_OBJC_ROOT_CLASS = YES_ERROR;
				CLANG_WARN__DUPLICATE_METHOD_MATCH = YES;
				"CODE_SIGN_IDENTITY[sdk=iphoneos*]" = "iPhone Developer";
				COPY_PHASE_STRIP = NO;
				DEVELOPMENT_TEAM = WP7NQVPB66;
				FRAMEWORK_SEARCH_PATHS = (
					"$(inherited)",
					"$(DEVELOPER_FRAMEWORKS_DIR)",
				);
				GCC_C_LANGUAGE_STANDARD = gnu99;
				GCC_DYNAMIC_NO_PIC = NO;
				GCC_OPTIMIZATION_LEVEL = 0;
				GCC_PRECOMPILE_PREFIX_HEADER = YES;
				GCC_PREFIX_HEADER = "MBDebugPanelTestsApplicationContainer/MBDebugPanelTestsApplicationContainer-Prefix.pch";
				GCC_PREPROCESSOR_DEFINITIONS = (
					"DEBUG=1",
					"$(inherited)",
				);
				GCC_SYMBOLS_PRIVATE_EXTERN = NO;
				GCC_WARN_64_TO_32_BIT_CONVERSION = YES;
				GCC_WARN_ABOUT_RETURN_TYPE = YES_ERROR;
				GCC_WARN_UNDECLARED_SELECTOR = YES;
				GCC_WARN_UNINITIALIZED_AUTOS = YES;
				GCC_WARN_UNUSED_FUNCTION = YES;
				GCC_WARN_UNUSED_VARIABLE = YES;
				INFOPLIST_FILE = "$(SRCROOT)/Sources/Classes/MBDebugPanelTestsApplicationContainer/MBDebugPanelTestsApplicationContainer-Info.plist";
				IPHONEOS_DEPLOYMENT_TARGET = 8.0;
				LD_RUNPATH_SEARCH_PATHS = "$(inherited) @executable_path/Frameworks";
				ONLY_ACTIVE_ARCH = YES;
				PRODUCT_BUNDLE_IDENTIFIER = "com.mindbodyonline.${PRODUCT_NAME:rfc1034identifier}";
				PRODUCT_NAME = "$(TARGET_NAME)";
				PROVISIONING_PROFILE_SPECIFIER = "";
				SDKROOT = iphoneos;
				WRAPPER_EXTENSION = app;
			};
			name = Debug;
		};
		FD3CB38318AC656F00FD9427 /* Release */ = {
			isa = XCBuildConfiguration;
			buildSettings = {
				ALWAYS_SEARCH_USER_PATHS = NO;
				ASSETCATALOG_COMPILER_APPICON_NAME = AppIcon;
				ASSETCATALOG_COMPILER_LAUNCHIMAGE_NAME = LaunchImage;
				CLANG_CXX_LANGUAGE_STANDARD = "gnu++0x";
				CLANG_CXX_LIBRARY = "libc++";
				CLANG_ENABLE_MODULES = YES;
				CLANG_ENABLE_OBJC_ARC = YES;
				CLANG_WARN_BOOL_CONVERSION = YES;
				CLANG_WARN_CONSTANT_CONVERSION = YES;
				CLANG_WARN_DIRECT_OBJC_ISA_USAGE = YES_ERROR;
				CLANG_WARN_EMPTY_BODY = YES;
				CLANG_WARN_ENUM_CONVERSION = YES;
				CLANG_WARN_INT_CONVERSION = YES;
				CLANG_WARN_OBJC_ROOT_CLASS = YES_ERROR;
				CLANG_WARN__DUPLICATE_METHOD_MATCH = YES;
				"CODE_SIGN_IDENTITY[sdk=iphoneos*]" = "iPhone Developer";
				COPY_PHASE_STRIP = YES;
				DEVELOPMENT_TEAM = WP7NQVPB66;
				ENABLE_NS_ASSERTIONS = NO;
				FRAMEWORK_SEARCH_PATHS = (
					"$(inherited)",
					"$(DEVELOPER_FRAMEWORKS_DIR)",
				);
				GCC_C_LANGUAGE_STANDARD = gnu99;
				GCC_PRECOMPILE_PREFIX_HEADER = YES;
				GCC_PREFIX_HEADER = "MBDebugPanelTestsApplicationContainer/MBDebugPanelTestsApplicationContainer-Prefix.pch";
				GCC_WARN_64_TO_32_BIT_CONVERSION = YES;
				GCC_WARN_ABOUT_RETURN_TYPE = YES_ERROR;
				GCC_WARN_UNDECLARED_SELECTOR = YES;
				GCC_WARN_UNINITIALIZED_AUTOS = YES;
				GCC_WARN_UNUSED_FUNCTION = YES;
				GCC_WARN_UNUSED_VARIABLE = YES;
				INFOPLIST_FILE = "$(SRCROOT)/Sources/Classes/MBDebugPanelTestsApplicationContainer/MBDebugPanelTestsApplicationContainer-Info.plist";
				IPHONEOS_DEPLOYMENT_TARGET = 8.0;
				LD_RUNPATH_SEARCH_PATHS = "$(inherited) @executable_path/Frameworks";
				PRODUCT_BUNDLE_IDENTIFIER = "com.mindbodyonline.${PRODUCT_NAME:rfc1034identifier}";
				PRODUCT_NAME = "$(TARGET_NAME)";
				PROVISIONING_PROFILE_SPECIFIER = "";
				SDKROOT = iphoneos;
				VALIDATE_PRODUCT = YES;
				WRAPPER_EXTENSION = app;
			};
			name = Release;
		};
		FDCFACE918A49E6900E4AD74 /* Debug */ = {
			isa = XCBuildConfiguration;
			buildSettings = {
				ALWAYS_SEARCH_USER_PATHS = NO;
				CLANG_WARN_BLOCK_CAPTURE_AUTORELEASING = YES;
				CLANG_WARN_BOOL_CONVERSION = YES;
				CLANG_WARN_COMMA = YES;
				CLANG_WARN_CONSTANT_CONVERSION = YES;
				CLANG_WARN_DEPRECATED_OBJC_IMPLEMENTATIONS = YES;
				CLANG_WARN_EMPTY_BODY = YES;
				CLANG_WARN_ENUM_CONVERSION = YES;
				CLANG_WARN_INFINITE_RECURSION = YES;
				CLANG_WARN_INT_CONVERSION = YES;
				CLANG_WARN_NON_LITERAL_NULL_CONVERSION = YES;
				CLANG_WARN_OBJC_IMPLICIT_RETAIN_SELF = YES;
				CLANG_WARN_OBJC_LITERAL_CONVERSION = YES;
				CLANG_WARN_RANGE_LOOP_ANALYSIS = YES;
				CLANG_WARN_STRICT_PROTOTYPES = YES;
				CLANG_WARN_SUSPICIOUS_MOVE = YES;
				CLANG_WARN_UNREACHABLE_CODE = YES;
				CLANG_WARN__DUPLICATE_METHOD_MATCH = YES;
				ENABLE_STRICT_OBJC_MSGSEND = YES;
				ENABLE_TESTABILITY = YES;
				GCC_NO_COMMON_BLOCKS = YES;
				GCC_TREAT_WARNINGS_AS_ERRORS = YES;
				GCC_WARN_64_TO_32_BIT_CONVERSION = YES;
				GCC_WARN_ABOUT_RETURN_TYPE = YES;
				GCC_WARN_UNDECLARED_SELECTOR = YES;
				GCC_WARN_UNINITIALIZED_AUTOS = YES;
				GCC_WARN_UNUSED_FUNCTION = YES;
				GCC_WARN_UNUSED_VARIABLE = YES;
				IPHONEOS_DEPLOYMENT_TARGET = 8.0;
				ONLY_ACTIVE_ARCH = YES;
			};
			name = Debug;
		};
		FDCFACEA18A49E6900E4AD74 /* Release */ = {
			isa = XCBuildConfiguration;
			buildSettings = {
				ALWAYS_SEARCH_USER_PATHS = NO;
				CLANG_WARN_BLOCK_CAPTURE_AUTORELEASING = YES;
				CLANG_WARN_BOOL_CONVERSION = YES;
				CLANG_WARN_COMMA = YES;
				CLANG_WARN_CONSTANT_CONVERSION = YES;
				CLANG_WARN_DEPRECATED_OBJC_IMPLEMENTATIONS = YES;
				CLANG_WARN_EMPTY_BODY = YES;
				CLANG_WARN_ENUM_CONVERSION = YES;
				CLANG_WARN_INFINITE_RECURSION = YES;
				CLANG_WARN_INT_CONVERSION = YES;
				CLANG_WARN_NON_LITERAL_NULL_CONVERSION = YES;
				CLANG_WARN_OBJC_IMPLICIT_RETAIN_SELF = YES;
				CLANG_WARN_OBJC_LITERAL_CONVERSION = YES;
				CLANG_WARN_RANGE_LOOP_ANALYSIS = YES;
				CLANG_WARN_STRICT_PROTOTYPES = YES;
				CLANG_WARN_SUSPICIOUS_MOVE = YES;
				CLANG_WARN_UNREACHABLE_CODE = YES;
				CLANG_WARN__DUPLICATE_METHOD_MATCH = YES;
				ENABLE_STRICT_OBJC_MSGSEND = YES;
				GCC_NO_COMMON_BLOCKS = YES;
				GCC_TREAT_WARNINGS_AS_ERRORS = YES;
				GCC_WARN_64_TO_32_BIT_CONVERSION = YES;
				GCC_WARN_ABOUT_RETURN_TYPE = YES;
				GCC_WARN_UNDECLARED_SELECTOR = YES;
				GCC_WARN_UNINITIALIZED_AUTOS = YES;
				GCC_WARN_UNUSED_FUNCTION = YES;
				GCC_WARN_UNUSED_VARIABLE = YES;
				IPHONEOS_DEPLOYMENT_TARGET = 8.0;
			};
			name = Release;
		};
		FDCFAD0218A49E9200E4AD74 /* Debug */ = {
			isa = XCBuildConfiguration;
			buildSettings = {
				ALWAYS_SEARCH_USER_PATHS = NO;
				CLANG_CXX_LANGUAGE_STANDARD = "gnu++0x";
				CLANG_CXX_LIBRARY = "libc++";
				CLANG_ENABLE_MODULES = YES;
				CLANG_ENABLE_OBJC_ARC = YES;
				CLANG_WARN_BOOL_CONVERSION = YES;
				CLANG_WARN_CONSTANT_CONVERSION = YES;
				CLANG_WARN_DIRECT_OBJC_ISA_USAGE = YES_ERROR;
				CLANG_WARN_EMPTY_BODY = YES;
				CLANG_WARN_ENUM_CONVERSION = YES;
				CLANG_WARN_INT_CONVERSION = YES;
				CLANG_WARN_OBJC_ROOT_CLASS = YES_ERROR;
				CLANG_WARN__DUPLICATE_METHOD_MATCH = YES;
				"CODE_SIGN_IDENTITY[sdk=iphoneos*]" = "iPhone Developer";
				COPY_PHASE_STRIP = NO;
				DEVELOPMENT_TEAM = WP7NQVPB66;
				FRAMEWORK_SEARCH_PATHS = (
					"$(SDKROOT)/Developer/Library/Frameworks",
					"$(inherited)",
					"$(DEVELOPER_FRAMEWORKS_DIR)",
				);
				GCC_C_LANGUAGE_STANDARD = gnu99;
				GCC_DYNAMIC_NO_PIC = NO;
				GCC_OPTIMIZATION_LEVEL = 0;
				GCC_PRECOMPILE_PREFIX_HEADER = YES;
				GCC_PREFIX_HEADER = "Tests/MBDebugPanelTests/MBDebugPanelTests-Prefix.pch";
				GCC_PREPROCESSOR_DEFINITIONS = (
					"DEBUG=1",
					"$(inherited)",
				);
				GCC_SYMBOLS_PRIVATE_EXTERN = NO;
				GCC_WARN_64_TO_32_BIT_CONVERSION = YES;
				GCC_WARN_ABOUT_RETURN_TYPE = YES_ERROR;
				GCC_WARN_UNDECLARED_SELECTOR = YES;
				GCC_WARN_UNINITIALIZED_AUTOS = YES;
				GCC_WARN_UNUSED_FUNCTION = YES;
				GCC_WARN_UNUSED_VARIABLE = YES;
				INFOPLIST_FILE = "Tests/MBDebugPanelTests/MBDebugPanelTests-Info.plist";
				IPHONEOS_DEPLOYMENT_TARGET = 8.0;
				ONLY_ACTIVE_ARCH = YES;
				PRODUCT_NAME = "$(TARGET_NAME)";
				PROVISIONING_PROFILE_SPECIFIER = "";
				SDKROOT = iphoneos;
				TEST_HOST = "$(BUILT_PRODUCTS_DIR)/MBDebugPanelTestsApplicationContainer.app/MBDebugPanelTestsApplicationContainer";
				WRAPPER_EXTENSION = xctest;
			};
			name = Debug;
		};
		FDCFAD0318A49E9200E4AD74 /* Release */ = {
			isa = XCBuildConfiguration;
			buildSettings = {
				ALWAYS_SEARCH_USER_PATHS = NO;
				CLANG_CXX_LANGUAGE_STANDARD = "gnu++0x";
				CLANG_CXX_LIBRARY = "libc++";
				CLANG_ENABLE_MODULES = YES;
				CLANG_ENABLE_OBJC_ARC = YES;
				CLANG_WARN_BOOL_CONVERSION = YES;
				CLANG_WARN_CONSTANT_CONVERSION = YES;
				CLANG_WARN_DIRECT_OBJC_ISA_USAGE = YES_ERROR;
				CLANG_WARN_EMPTY_BODY = YES;
				CLANG_WARN_ENUM_CONVERSION = YES;
				CLANG_WARN_INT_CONVERSION = YES;
				CLANG_WARN_OBJC_ROOT_CLASS = YES_ERROR;
				CLANG_WARN__DUPLICATE_METHOD_MATCH = YES;
				"CODE_SIGN_IDENTITY[sdk=iphoneos*]" = "iPhone Developer";
				COPY_PHASE_STRIP = YES;
				DEVELOPMENT_TEAM = WP7NQVPB66;
				ENABLE_NS_ASSERTIONS = NO;
				FRAMEWORK_SEARCH_PATHS = (
					"$(SDKROOT)/Developer/Library/Frameworks",
					"$(inherited)",
					"$(DEVELOPER_FRAMEWORKS_DIR)",
				);
				GCC_C_LANGUAGE_STANDARD = gnu99;
				GCC_PRECOMPILE_PREFIX_HEADER = YES;
				GCC_PREFIX_HEADER = "Tests/MBDebugPanelTests/MBDebugPanelTests-Prefix.pch";
				GCC_WARN_64_TO_32_BIT_CONVERSION = YES;
				GCC_WARN_ABOUT_RETURN_TYPE = YES_ERROR;
				GCC_WARN_UNDECLARED_SELECTOR = YES;
				GCC_WARN_UNINITIALIZED_AUTOS = YES;
				GCC_WARN_UNUSED_FUNCTION = YES;
				GCC_WARN_UNUSED_VARIABLE = YES;
				INFOPLIST_FILE = "Tests/MBDebugPanelTests/MBDebugPanelTests-Info.plist";
				IPHONEOS_DEPLOYMENT_TARGET = 8.0;
				PRODUCT_NAME = "$(TARGET_NAME)";
				PROVISIONING_PROFILE_SPECIFIER = "";
				SDKROOT = iphoneos;
				TEST_HOST = "$(BUILT_PRODUCTS_DIR)/MBDebugPanelTestsApplicationContainer.app/MBDebugPanelTestsApplicationContainer";
				VALIDATE_PRODUCT = YES;
				WRAPPER_EXTENSION = xctest;
			};
			name = Release;
		};
/* End XCBuildConfiguration section */

/* Begin XCConfigurationList section */
		9AB6E6A61EA5574F002DB509 /* Build configuration list for PBXNativeTarget "MBDebugPanel iOS" */ = {
			isa = XCConfigurationList;
			buildConfigurations = (
				9AB6E6A21EA5574F002DB509 /* Debug */,
				9AB6E6A31EA5574F002DB509 /* Release */,
			);
			defaultConfigurationIsVisible = 0;
			defaultConfigurationName = Release;
		};
		9AB6E6A81EA5574F002DB509 /* Build configuration list for PBXNativeTarget "MBDebugPanel iOSTests" */ = {
			isa = XCConfigurationList;
			buildConfigurations = (
				9AB6E6A41EA5574F002DB509 /* Debug */,
				9AB6E6A51EA5574F002DB509 /* Release */,
			);
			defaultConfigurationIsVisible = 0;
			defaultConfigurationName = Release;
		};
		FD3CB38118AC656F00FD9427 /* Build configuration list for PBXNativeTarget "MBDebugPanelTestsApplicationContainer" */ = {
			isa = XCConfigurationList;
			buildConfigurations = (
				FD3CB38218AC656F00FD9427 /* Debug */,
				FD3CB38318AC656F00FD9427 /* Release */,
			);
			defaultConfigurationIsVisible = 0;
			defaultConfigurationName = Release;
		};
		FDCFACE818A49E6800E4AD74 /* Build configuration list for PBXProject "MBDebugPanel" */ = {
			isa = XCConfigurationList;
			buildConfigurations = (
				FDCFACE918A49E6900E4AD74 /* Debug */,
				FDCFACEA18A49E6900E4AD74 /* Release */,
			);
			defaultConfigurationIsVisible = 0;
			defaultConfigurationName = Release;
		};
		FDCFAD0118A49E9200E4AD74 /* Build configuration list for PBXNativeTarget "MBDebugPanelTests" */ = {
			isa = XCConfigurationList;
			buildConfigurations = (
				FDCFAD0218A49E9200E4AD74 /* Debug */,
				FDCFAD0318A49E9200E4AD74 /* Release */,
			);
			defaultConfigurationIsVisible = 0;
			defaultConfigurationName = Release;
		};
/* End XCConfigurationList section */
	};
	rootObject = FDCFACE518A49E6800E4AD74 /* Project object */;
}
