PODS:
  - JGMethodSwizzler (2.0.1)
  - Kiwi/ARC (2.2.4)
  - Kiwi/NonARC (2.2.4)
  - Kiwi/XCTest (2.2.4):
    - Kiwi/ARC
    - Kiwi/NonARC
  - MBDebugPanel (0.2.1):
    - JGMethodSwizzler

DEPENDENCIES:
  - Kiwi/XCTest
  - MBDebugPanel (from `./MBDebugPanel.podspec`)

EXTERNAL SOURCES:
  MBDebugPanel:
    :path: "./MBDebugPanel.podspec"

SPEC CHECKSUMS:
  JGMethodSwizzler: caf2af700934bab5f1ed048af54224986bcb05eb
  Kiwi: c73667f2b84cbf36f1a3830267c5a4ae8dcbd8ba
  MBDebugPanel: e6022935d318825d6041b3313601494b133cfd3a

COCOAPODS: 0.36.1
