<?xml version="1.0" encoding="UTF-8"?>
<!DOCTYPE plist PUBLIC "-//Apple//DTD PLIST 1.0//EN" "http://www.apple.com/DTDs/PropertyList-1.0.dtd">
<plist version="1.0">
<dict>
	<key>archiveVersion</key>
	<string>1</string>
	<key>classes</key>
	<dict/>
	<key>objectVersion</key>
	<string>46</string>
	<key>objects</key>
	<dict>
		<key>281CB9922ACC411EA0BC3CBB</key>
		<dict>
			<key>fileRef</key>
			<string>DF5E80756DEB4D899888424F</string>
			<key>isa</key>
			<string>PBXBuildFile</string>
		</dict>
		<key>3D6B07E6903A403181CAA43E</key>
		<dict>
			<key>includeInIndex</key>
			<string>1</string>
			<key>isa</key>
			<string>PBXFileReference</string>
			<key>lastKnownFileType</key>
			<string>text.xcconfig</string>
			<key>name</key>
			<string>Pods-TestPods.xcconfig</string>
			<key>path</key>
			<string>../Pods/Pods-TestPods.xcconfig</string>
			<key>sourceTree</key>
			<string>&lt;group&gt;</string>
		</dict>
		<key>778792C1E384449EB8704ABD</key>
		<dict>
			<key>buildActionMask</key>
			<string>2147483647</string>
			<key>files</key>
			<array/>
			<key>inputPaths</key>
			<array/>
			<key>isa</key>
			<string>PBXShellScriptBuildPhase</string>
			<key>name</key>
			<string>Copy Pods Resources</string>
			<key>outputPaths</key>
			<array/>
			<key>runOnlyForDeploymentPostprocessing</key>
			<string>0</string>
			<key>shellPath</key>
			<string>/bin/sh</string>
			<key>shellScript</key>
			<string>"${SRCROOT}/../Pods/Pods-TestPods-resources.sh"
</string>
			<key>showEnvVarsInLog</key>
			<string>0</string>
		</dict>
		<key>83B0E259719040099D3AD005</key>
		<dict>
			<key>buildActionMask</key>
			<string>2147483647</string>
			<key>files</key>
			<array/>
			<key>inputPaths</key>
			<array/>
			<key>isa</key>
			<string>PBXShellScriptBuildPhase</string>
			<key>name</key>
			<string>Check Pods Manifest.lock</string>
			<key>outputPaths</key>
			<array/>
			<key>runOnlyForDeploymentPostprocessing</key>
			<string>0</string>
			<key>shellPath</key>
			<string>/bin/sh</string>
			<key>shellScript</key>
			<string>diff "${PODS_ROOT}/../Podfile.lock" "${PODS_ROOT}/Manifest.lock" &gt; /dev/null
if [[ $? != 0 ]] ; then
    cat &lt;&lt; EOM
error: The sandbox is not in sync with the Podfile.lock. Run 'pod install' or update your CocoaPods installation.
EOM
    exit 1
fi
</string>
			<key>showEnvVarsInLog</key>
			<string>0</string>
		</dict>
		<key>DF5E80756DEB4D899888424F</key>
		<dict>
			<key>explicitFileType</key>
			<string>archive.ar</string>
			<key>includeInIndex</key>
			<string>0</string>
			<key>isa</key>
			<string>PBXFileReference</string>
			<key>path</key>
			<string>libPods-TestPods.a</string>
			<key>sourceTree</key>
			<string>BUILT_PRODUCTS_DIR</string>
		</dict>
		<key>FD3CB35818AC656F00FD9427</key>
		<dict>
			<key>buildActionMask</key>
			<string>2147483647</string>
			<key>files</key>
			<array>
				<string>FD3CB36818AC656F00FD9427</string>
				<string>FD3CB36C18AC656F00FD9427</string>
			</array>
			<key>isa</key>
			<string>PBXSourcesBuildPhase</string>
			<key>runOnlyForDeploymentPostprocessing</key>
			<string>0</string>
		</dict>
		<key>FD3CB35918AC656F00FD9427</key>
		<dict>
			<key>buildActionMask</key>
			<string>2147483647</string>
			<key>files</key>
			<array>
				<string>FD3CB35F18AC656F00FD9427</string>
				<string>FD3CB36018AC656F00FD9427</string>
				<string>FD3CB35D18AC656F00FD9427</string>
			</array>
			<key>isa</key>
			<string>PBXFrameworksBuildPhase</string>
			<key>runOnlyForDeploymentPostprocessing</key>
			<string>0</string>
		</dict>
		<key>FD3CB35A18AC656F00FD9427</key>
		<dict>
			<key>buildActionMask</key>
			<string>2147483647</string>
			<key>files</key>
			<array>
				<string>FD3CB38B18AC6B2400FD9427</string>
				<string>FD3CB38C18AC6B2400FD9427</string>
				<string>FD3CB36618AC656F00FD9427</string>
				<string>FD3CB36E18AC656F00FD9427</string>
			</array>
			<key>isa</key>
			<string>PBXResourcesBuildPhase</string>
			<key>runOnlyForDeploymentPostprocessing</key>
			<string>0</string>
		</dict>
		<key>FD3CB35B18AC656F00FD9427</key>
		<dict>
			<key>buildConfigurationList</key>
			<string>FD3CB38118AC656F00FD9427</string>
			<key>buildPhases</key>
			<array>
				<string>FD3CB35818AC656F00FD9427</string>
				<string>FD3CB35918AC656F00FD9427</string>
				<string>FD3CB35A18AC656F00FD9427</string>
			</array>
			<key>buildRules</key>
			<array/>
			<key>dependencies</key>
			<array/>
			<key>isa</key>
			<string>PBXNativeTarget</string>
			<key>name</key>
			<string>MBDebugPanelTestsApplicationContainer</string>
			<key>productName</key>
			<string>MBDebugPanelTestsApplicationContainer</string>
			<key>productReference</key>
			<string>FD3CB35C18AC656F00FD9427</string>
			<key>productType</key>
			<string>com.apple.product-type.application</string>
		</dict>
		<key>FD3CB35C18AC656F00FD9427</key>
		<dict>
			<key>explicitFileType</key>
			<string>wrapper.application</string>
			<key>includeInIndex</key>
			<string>0</string>
			<key>isa</key>
			<string>PBXFileReference</string>
			<key>path</key>
			<string>MBDebugPanelTestsApplicationContainer.app</string>
			<key>sourceTree</key>
			<string>BUILT_PRODUCTS_DIR</string>
		</dict>
		<key>FD3CB35D18AC656F00FD9427</key>
		<dict>
			<key>fileRef</key>
			<string>FDCFACF418A49E9200E4AD74</string>
			<key>isa</key>
			<string>PBXBuildFile</string>
		</dict>
		<key>FD3CB35E18AC656F00FD9427</key>
		<dict>
			<key>isa</key>
			<string>PBXFileReference</string>
			<key>lastKnownFileType</key>
			<string>wrapper.framework</string>
			<key>name</key>
			<string>CoreGraphics.framework</string>
			<key>path</key>
			<string>System/Library/Frameworks/CoreGraphics.framework</string>
			<key>sourceTree</key>
			<string>SDKROOT</string>
		</dict>
		<key>FD3CB35F18AC656F00FD9427</key>
		<dict>
			<key>fileRef</key>
			<string>FD3CB35E18AC656F00FD9427</string>
			<key>isa</key>
			<string>PBXBuildFile</string>
		</dict>
		<key>FD3CB36018AC656F00FD9427</key>
		<dict>
			<key>fileRef</key>
			<string>FDCFACF618A49E9200E4AD74</string>
			<key>isa</key>
			<string>PBXBuildFile</string>
		</dict>
		<key>FD3CB36118AC656F00FD9427</key>
		<dict>
			<key>children</key>
			<array>
				<string>FD3CB36A18AC656F00FD9427</string>
				<string>FD3CB36B18AC656F00FD9427</string>
				<string>FD3CB36D18AC656F00FD9427</string>
				<string>FD3CB36218AC656F00FD9427</string>
			</array>
			<key>isa</key>
			<string>PBXGroup</string>
			<key>path</key>
			<string>MBDebugPanelTestsApplicationContainer</string>
			<key>sourceTree</key>
			<string>&lt;group&gt;</string>
		</dict>
		<key>FD3CB36218AC656F00FD9427</key>
		<dict>
			<key>children</key>
			<array>
				<string>FD3CB36318AC656F00FD9427</string>
				<string>FD3CB36418AC656F00FD9427</string>
				<string>FD3CB36718AC656F00FD9427</string>
				<string>FD3CB36918AC656F00FD9427</string>
			</array>
			<key>isa</key>
			<string>PBXGroup</string>
			<key>name</key>
			<string>Supporting Files</string>
			<key>sourceTree</key>
			<string>&lt;group&gt;</string>
		</dict>
		<key>FD3CB36318AC656F00FD9427</key>
		<dict>
			<key>isa</key>
			<string>PBXFileReference</string>
			<key>lastKnownFileType</key>
			<string>text.plist.xml</string>
			<key>path</key>
			<string>MBDebugPanelTestsApplicationContainer-Info.plist</string>
			<key>sourceTree</key>
			<string>&lt;group&gt;</string>
		</dict>
		<key>FD3CB36418AC656F00FD9427</key>
		<dict>
			<key>children</key>
			<array>
				<string>FD3CB36518AC656F00FD9427</string>
			</array>
			<key>isa</key>
			<string>PBXVariantGroup</string>
			<key>name</key>
			<string>InfoPlist.strings</string>
			<key>sourceTree</key>
			<string>&lt;group&gt;</string>
		</dict>
		<key>FD3CB36518AC656F00FD9427</key>
		<dict>
			<key>isa</key>
			<string>PBXFileReference</string>
			<key>lastKnownFileType</key>
			<string>text.plist.strings</string>
			<key>name</key>
			<string>en</string>
			<key>path</key>
			<string>en.lproj/InfoPlist.strings</string>
			<key>sourceTree</key>
			<string>&lt;group&gt;</string>
		</dict>
		<key>FD3CB36618AC656F00FD9427</key>
		<dict>
			<key>fileRef</key>
			<string>FD3CB36418AC656F00FD9427</string>
			<key>isa</key>
			<string>PBXBuildFile</string>
		</dict>
		<key>FD3CB36718AC656F00FD9427</key>
		<dict>
			<key>isa</key>
			<string>PBXFileReference</string>
			<key>lastKnownFileType</key>
			<string>sourcecode.c.objc</string>
			<key>path</key>
			<string>main.m</string>
			<key>sourceTree</key>
			<string>&lt;group&gt;</string>
		</dict>
		<key>FD3CB36818AC656F00FD9427</key>
		<dict>
			<key>fileRef</key>
			<string>FD3CB36718AC656F00FD9427</string>
			<key>isa</key>
			<string>PBXBuildFile</string>
		</dict>
		<key>FD3CB36918AC656F00FD9427</key>
		<dict>
			<key>isa</key>
			<string>PBXFileReference</string>
			<key>lastKnownFileType</key>
			<string>sourcecode.c.h</string>
			<key>path</key>
			<string>MBDebugPanelTestsApplicationContainer-Prefix.pch</string>
			<key>sourceTree</key>
			<string>&lt;group&gt;</string>
		</dict>
		<key>FD3CB36A18AC656F00FD9427</key>
		<dict>
			<key>isa</key>
			<string>PBXFileReference</string>
			<key>lastKnownFileType</key>
			<string>sourcecode.c.h</string>
			<key>path</key>
			<string>MBAppDelegate.h</string>
			<key>sourceTree</key>
			<string>&lt;group&gt;</string>
		</dict>
		<key>FD3CB36B18AC656F00FD9427</key>
		<dict>
			<key>isa</key>
			<string>PBXFileReference</string>
			<key>lastKnownFileType</key>
			<string>sourcecode.c.objc</string>
			<key>path</key>
			<string>MBAppDelegate.m</string>
			<key>sourceTree</key>
			<string>&lt;group&gt;</string>
		</dict>
		<key>FD3CB36C18AC656F00FD9427</key>
		<dict>
			<key>fileRef</key>
			<string>FD3CB36B18AC656F00FD9427</string>
			<key>isa</key>
			<string>PBXBuildFile</string>
		</dict>
		<key>FD3CB36D18AC656F00FD9427</key>
		<dict>
			<key>isa</key>
			<string>PBXFileReference</string>
			<key>lastKnownFileType</key>
			<string>folder.assetcatalog</string>
			<key>path</key>
			<string>Images.xcassets</string>
			<key>sourceTree</key>
			<string>&lt;group&gt;</string>
		</dict>
		<key>FD3CB36E18AC656F00FD9427</key>
		<dict>
			<key>fileRef</key>
			<string>FD3CB36D18AC656F00FD9427</string>
			<key>isa</key>
			<string>PBXBuildFile</string>
		</dict>
		<key>FD3CB38118AC656F00FD9427</key>
		<dict>
			<key>buildConfigurations</key>
			<array>
				<string>FD3CB38218AC656F00FD9427</string>
				<string>FD3CB38318AC656F00FD9427</string>
			</array>
			<key>defaultConfigurationIsVisible</key>
			<string>0</string>
			<key>defaultConfigurationName</key>
			<string>Release</string>
			<key>isa</key>
			<string>XCConfigurationList</string>
		</dict>
		<key>FD3CB38218AC656F00FD9427</key>
		<dict>
			<key>buildSettings</key>
			<dict>
				<key>ALWAYS_SEARCH_USER_PATHS</key>
				<string>NO</string>
				<key>ARCHS</key>
				<string>$(ARCHS_STANDARD_INCLUDING_64_BIT)</string>
				<key>ASSETCATALOG_COMPILER_APPICON_NAME</key>
				<string>AppIcon</string>
				<key>ASSETCATALOG_COMPILER_LAUNCHIMAGE_NAME</key>
				<string>LaunchImage</string>
				<key>CLANG_CXX_LANGUAGE_STANDARD</key>
				<string>gnu++0x</string>
				<key>CLANG_CXX_LIBRARY</key>
				<string>libc++</string>
				<key>CLANG_ENABLE_MODULES</key>
				<string>YES</string>
				<key>CLANG_ENABLE_OBJC_ARC</key>
				<string>YES</string>
				<key>CLANG_WARN_BOOL_CONVERSION</key>
				<string>YES</string>
				<key>CLANG_WARN_CONSTANT_CONVERSION</key>
				<string>YES</string>
				<key>CLANG_WARN_DIRECT_OBJC_ISA_USAGE</key>
				<string>YES_ERROR</string>
				<key>CLANG_WARN_EMPTY_BODY</key>
				<string>YES</string>
				<key>CLANG_WARN_ENUM_CONVERSION</key>
				<string>YES</string>
				<key>CLANG_WARN_INT_CONVERSION</key>
				<string>YES</string>
				<key>CLANG_WARN_OBJC_ROOT_CLASS</key>
				<string>YES_ERROR</string>
				<key>CLANG_WARN__DUPLICATE_METHOD_MATCH</key>
				<string>YES</string>
				<key>CODE_SIGN_IDENTITY[sdk=iphoneos*]</key>
				<string>iPhone Developer</string>
				<key>COPY_PHASE_STRIP</key>
				<string>NO</string>
				<key>FRAMEWORK_SEARCH_PATHS</key>
				<array>
					<string>$(inherited)</string>
					<string>$(DEVELOPER_FRAMEWORKS_DIR)</string>
				</array>
				<key>GCC_C_LANGUAGE_STANDARD</key>
				<string>gnu99</string>
				<key>GCC_DYNAMIC_NO_PIC</key>
				<string>NO</string>
				<key>GCC_OPTIMIZATION_LEVEL</key>
				<string>0</string>
				<key>GCC_PRECOMPILE_PREFIX_HEADER</key>
				<string>YES</string>
				<key>GCC_PREFIX_HEADER</key>
				<string>MBDebugPanelTestsApplicationContainer/MBDebugPanelTestsApplicationContainer-Prefix.pch</string>
				<key>GCC_PREPROCESSOR_DEFINITIONS</key>
				<array>
					<string>DEBUG=1</string>
					<string>$(inherited)</string>
				</array>
				<key>GCC_SYMBOLS_PRIVATE_EXTERN</key>
				<string>NO</string>
				<key>GCC_WARN_64_TO_32_BIT_CONVERSION</key>
				<string>YES</string>
				<key>GCC_WARN_ABOUT_RETURN_TYPE</key>
				<string>YES_ERROR</string>
				<key>GCC_WARN_UNDECLARED_SELECTOR</key>
				<string>YES</string>
				<key>GCC_WARN_UNINITIALIZED_AUTOS</key>
				<string>YES</string>
				<key>GCC_WARN_UNUSED_FUNCTION</key>
				<string>YES</string>
				<key>GCC_WARN_UNUSED_VARIABLE</key>
				<string>YES</string>
				<key>INFOPLIST_FILE</key>
				<string>MBDebugPanelTestsApplicationContainer/MBDebugPanelTestsApplicationContainer-Info.plist</string>
				<key>IPHONEOS_DEPLOYMENT_TARGET</key>
				<string>7.0</string>
				<key>ONLY_ACTIVE_ARCH</key>
				<string>YES</string>
				<key>PRODUCT_NAME</key>
				<string>$(TARGET_NAME)</string>
				<key>SDKROOT</key>
				<string>iphoneos</string>
				<key>WRAPPER_EXTENSION</key>
				<string>app</string>
			</dict>
			<key>isa</key>
			<string>XCBuildConfiguration</string>
			<key>name</key>
			<string>Debug</string>
		</dict>
		<key>FD3CB38318AC656F00FD9427</key>
		<dict>
			<key>buildSettings</key>
			<dict>
				<key>ALWAYS_SEARCH_USER_PATHS</key>
				<string>NO</string>
				<key>ARCHS</key>
				<string>$(ARCHS_STANDARD_INCLUDING_64_BIT)</string>
				<key>ASSETCATALOG_COMPILER_APPICON_NAME</key>
				<string>AppIcon</string>
				<key>ASSETCATALOG_COMPILER_LAUNCHIMAGE_NAME</key>
				<string>LaunchImage</string>
				<key>CLANG_CXX_LANGUAGE_STANDARD</key>
				<string>gnu++0x</string>
				<key>CLANG_CXX_LIBRARY</key>
				<string>libc++</string>
				<key>CLANG_ENABLE_MODULES</key>
				<string>YES</string>
				<key>CLANG_ENABLE_OBJC_ARC</key>
				<string>YES</string>
				<key>CLANG_WARN_BOOL_CONVERSION</key>
				<string>YES</string>
				<key>CLANG_WARN_CONSTANT_CONVERSION</key>
				<string>YES</string>
				<key>CLANG_WARN_DIRECT_OBJC_ISA_USAGE</key>
				<string>YES_ERROR</string>
				<key>CLANG_WARN_EMPTY_BODY</key>
				<string>YES</string>
				<key>CLANG_WARN_ENUM_CONVERSION</key>
				<string>YES</string>
				<key>CLANG_WARN_INT_CONVERSION</key>
				<string>YES</string>
				<key>CLANG_WARN_OBJC_ROOT_CLASS</key>
				<string>YES_ERROR</string>
				<key>CLANG_WARN__DUPLICATE_METHOD_MATCH</key>
				<string>YES</string>
				<key>CODE_SIGN_IDENTITY[sdk=iphoneos*]</key>
				<string>iPhone Developer</string>
				<key>COPY_PHASE_STRIP</key>
				<string>YES</string>
				<key>ENABLE_NS_ASSERTIONS</key>
				<string>NO</string>
				<key>FRAMEWORK_SEARCH_PATHS</key>
				<array>
					<string>$(inherited)</string>
					<string>$(DEVELOPER_FRAMEWORKS_DIR)</string>
				</array>
				<key>GCC_C_LANGUAGE_STANDARD</key>
				<string>gnu99</string>
				<key>GCC_PRECOMPILE_PREFIX_HEADER</key>
				<string>YES</string>
				<key>GCC_PREFIX_HEADER</key>
				<string>MBDebugPanelTestsApplicationContainer/MBDebugPanelTestsApplicationContainer-Prefix.pch</string>
				<key>GCC_WARN_64_TO_32_BIT_CONVERSION</key>
				<string>YES</string>
				<key>GCC_WARN_ABOUT_RETURN_TYPE</key>
				<string>YES_ERROR</string>
				<key>GCC_WARN_UNDECLARED_SELECTOR</key>
				<string>YES</string>
				<key>GCC_WARN_UNINITIALIZED_AUTOS</key>
				<string>YES</string>
				<key>GCC_WARN_UNUSED_FUNCTION</key>
				<string>YES</string>
				<key>GCC_WARN_UNUSED_VARIABLE</key>
				<string>YES</string>
				<key>INFOPLIST_FILE</key>
				<string>MBDebugPanelTestsApplicationContainer/MBDebugPanelTestsApplicationContainer-Info.plist</string>
				<key>IPHONEOS_DEPLOYMENT_TARGET</key>
				<string>7.0</string>
				<key>PRODUCT_NAME</key>
				<string>$(TARGET_NAME)</string>
				<key>SDKROOT</key>
				<string>iphoneos</string>
				<key>VALIDATE_PRODUCT</key>
				<string>YES</string>
				<key>WRAPPER_EXTENSION</key>
				<string>app</string>
			</dict>
			<key>isa</key>
			<string>XCBuildConfiguration</string>
			<key>name</key>
			<string>Release</string>
		</dict>
		<key>FD3CB38B18AC6B2400FD9427</key>
		<dict>
			<key>fileRef</key>
			<string>FDCFAD7018AAE7AD00E4AD74</string>
			<key>isa</key>
			<string>PBXBuildFile</string>
		</dict>
		<key>FD3CB38C18AC6B2400FD9427</key>
		<dict>
			<key>fileRef</key>
			<string>FDCFAD6E18AAE32200E4AD74</string>
			<key>isa</key>
			<string>PBXBuildFile</string>
		</dict>
		<key>FD8915DD18AB31D100115491</key>
		<dict>
			<key>fileEncoding</key>
			<string>4</string>
			<key>isa</key>
			<string>PBXFileReference</string>
			<key>lastKnownFileType</key>
			<string>sourcecode.c.h</string>
			<key>path</key>
			<string>MBDebugPanel_Private.h</string>
			<key>sourceTree</key>
			<string>&lt;group&gt;</string>
		</dict>
		<key>FD8915DE18AB38EE00115491</key>
		<dict>
			<key>fileEncoding</key>
			<string>4</string>
			<key>isa</key>
			<string>PBXFileReference</string>
			<key>lastKnownFileType</key>
			<string>sourcecode.c.objc</string>
			<key>path</key>
			<string>MBDebugPanelSimpleComponentTests.m</string>
			<key>sourceTree</key>
			<string>&lt;group&gt;</string>
		</dict>
		<key>FD8915DF18AB38EE00115491</key>
		<dict>
			<key>fileRef</key>
			<string>FD8915DE18AB38EE00115491</string>
			<key>isa</key>
			<string>PBXBuildFile</string>
		</dict>
		<key>FD89160618AC234D00115491</key>
		<dict>
			<key>indentWidth</key>
			<string>4</string>
			<key>isa</key>
			<string>PBXFileReference</string>
			<key>lastKnownFileType</key>
			<string>sourcecode.c.h</string>
			<key>path</key>
			<string>MBDebugPanelSimpleComponent.h</string>
			<key>sourceTree</key>
			<string>&lt;group&gt;</string>
			<key>tabWidth</key>
			<string>4</string>
			<key>usesTabs</key>
			<string>0</string>
			<key>wrapsLines</key>
			<string>1</string>
		</dict>
		<key>FD89160718AC234D00115491</key>
		<dict>
			<key>indentWidth</key>
			<string>4</string>
			<key>isa</key>
			<string>PBXFileReference</string>
			<key>lastKnownFileType</key>
			<string>sourcecode.c.objc</string>
			<key>path</key>
			<string>MBDebugPanelSimpleComponent.m</string>
			<key>sourceTree</key>
			<string>&lt;group&gt;</string>
			<key>tabWidth</key>
			<string>4</string>
			<key>usesTabs</key>
			<string>0</string>
			<key>wrapsLines</key>
			<string>1</string>
		</dict>
		<key>FD89160A18AC248200115491</key>
		<dict>
			<key>isa</key>
			<string>PBXFileReference</string>
			<key>lastKnownFileType</key>
			<string>sourcecode.c.h</string>
			<key>path</key>
			<string>MBDebugPanelSimpleComponent_Protected.h</string>
			<key>sourceTree</key>
			<string>&lt;group&gt;</string>
		</dict>
		<key>FD89160B18AC3E1300115491</key>
		<dict>
			<key>fileRef</key>
			<string>FD89160718AC234D00115491</string>
			<key>isa</key>
			<string>PBXBuildFile</string>
		</dict>
		<key>FDCFACE418A49E6800E4AD74</key>
		<dict>
			<key>children</key>
			<array>
				<string>FDCFAD0418A49EFF00E4AD74</string>
				<string>FDCFAD0518A49EFF00E4AD74</string>
				<string>FDCFACF818A49E9200E4AD74</string>
				<string>FD3CB36118AC656F00FD9427</string>
				<string>FDCFACF118A49E9200E4AD74</string>
				<string>FDCFACF018A49E9200E4AD74</string>
				<string>3D6B07E6903A403181CAA43E</string>
			</array>
			<key>isa</key>
			<string>PBXGroup</string>
			<key>sourceTree</key>
			<string>&lt;group&gt;</string>
		</dict>
		<key>FDCFACE518A49E6800E4AD74</key>
		<dict>
			<key>attributes</key>
			<dict>
				<key>LastUpgradeCheck</key>
				<string>0500</string>
				<key>TargetAttributes</key>
				<dict>
					<key>FDCFACEE18A49E9200E4AD74</key>
					<dict>
						<key>TestTargetID</key>
						<string>FD3CB35B18AC656F00FD9427</string>
					</dict>
				</dict>
			</dict>
			<key>buildConfigurationList</key>
			<string>FDCFACE818A49E6800E4AD74</string>
			<key>compatibilityVersion</key>
			<string>Xcode 3.2</string>
			<key>developmentRegion</key>
			<string>English</string>
			<key>hasScannedForEncodings</key>
			<string>0</string>
			<key>isa</key>
			<string>PBXProject</string>
			<key>knownRegions</key>
			<array>
				<string>en</string>
			</array>
			<key>mainGroup</key>
			<string>FDCFACE418A49E6800E4AD74</string>
			<key>productRefGroup</key>
			<string>FDCFACF018A49E9200E4AD74</string>
			<key>projectDirPath</key>
			<string></string>
			<key>projectReferences</key>
			<array/>
			<key>projectRoot</key>
			<string></string>
			<key>targets</key>
			<array>
				<string>FDCFACEE18A49E9200E4AD74</string>
				<string>FD3CB35B18AC656F00FD9427</string>
			</array>
		</dict>
		<key>FDCFACE818A49E6800E4AD74</key>
		<dict>
			<key>buildConfigurations</key>
			<array>
				<string>FDCFACE918A49E6900E4AD74</string>
				<string>FDCFACEA18A49E6900E4AD74</string>
			</array>
			<key>defaultConfigurationIsVisible</key>
			<string>0</string>
			<key>defaultConfigurationName</key>
			<string>Release</string>
			<key>isa</key>
			<string>XCConfigurationList</string>
		</dict>
		<key>FDCFACE918A49E6900E4AD74</key>
		<dict>
			<key>buildSettings</key>
			<dict/>
			<key>isa</key>
			<string>XCBuildConfiguration</string>
			<key>name</key>
			<string>Debug</string>
		</dict>
		<key>FDCFACEA18A49E6900E4AD74</key>
		<dict>
			<key>buildSettings</key>
			<dict/>
			<key>isa</key>
			<string>XCBuildConfiguration</string>
			<key>name</key>
			<string>Release</string>
		</dict>
		<key>FDCFACEB18A49E9200E4AD74</key>
		<dict>
			<key>buildActionMask</key>
			<string>2147483647</string>
			<key>files</key>
			<array>
				<string>FDCFACFF18A49E9200E4AD74</string>
				<string>FD89160B18AC3E1300115491</string>
				<string>FDCFAD5218A4A0BD00E4AD74</string>
				<string>FD8915DF18AB38EE00115491</string>
				<string>FDCFAD7418AAE83100E4AD74</string>
				<string>FDCFAD6C18AAE1C200E4AD74</string>
			</array>
			<key>isa</key>
			<string>PBXSourcesBuildPhase</string>
			<key>runOnlyForDeploymentPostprocessing</key>
			<string>0</string>
		</dict>
		<key>FDCFACEC18A49E9200E4AD74</key>
		<dict>
			<key>buildActionMask</key>
			<string>2147483647</string>
			<key>files</key>
			<array>
				<string>FDCFACF318A49E9200E4AD74</string>
				<string>FDCFACF718A49E9200E4AD74</string>
				<string>FDCFACF518A49E9200E4AD74</string>
				<string>281CB9922ACC411EA0BC3CBB</string>
			</array>
			<key>isa</key>
			<string>PBXFrameworksBuildPhase</string>
			<key>runOnlyForDeploymentPostprocessing</key>
			<string>0</string>
		</dict>
		<key>FDCFACED18A49E9200E4AD74</key>
		<dict>
			<key>buildActionMask</key>
			<string>2147483647</string>
			<key>files</key>
			<array>
				<string>FDCFAD7118AAE7AD00E4AD74</string>
				<string>FDCFACFD18A49E9200E4AD74</string>
				<string>FDCFAD6F18AAE32200E4AD74</string>
			</array>
			<key>isa</key>
			<string>PBXResourcesBuildPhase</string>
			<key>runOnlyForDeploymentPostprocessing</key>
			<string>0</string>
		</dict>
		<key>FDCFACEE18A49E9200E4AD74</key>
		<dict>
			<key>buildConfigurationList</key>
			<string>FDCFAD0118A49E9200E4AD74</string>
			<key>buildPhases</key>
			<array>
				<string>83B0E259719040099D3AD005</string>
				<string>FDCFACEB18A49E9200E4AD74</string>
				<string>FDCFACEC18A49E9200E4AD74</string>
				<string>FDCFACED18A49E9200E4AD74</string>
				<string>778792C1E384449EB8704ABD</string>
			</array>
			<key>buildRules</key>
			<array/>
			<key>dependencies</key>
			<array/>
			<key>isa</key>
			<string>PBXNativeTarget</string>
			<key>name</key>
			<string>MBDebugPanelTests</string>
			<key>productName</key>
			<string>MBDebugPanelTests</string>
			<key>productReference</key>
			<string>FDCFACEF18A49E9200E4AD74</string>
			<key>productType</key>
			<string>com.apple.product-type.bundle.unit-test</string>
		</dict>
		<key>FDCFACEF18A49E9200E4AD74</key>
		<dict>
			<key>explicitFileType</key>
			<string>wrapper.cfbundle</string>
			<key>includeInIndex</key>
			<string>0</string>
			<key>isa</key>
			<string>PBXFileReference</string>
			<key>path</key>
			<string>MBDebugPanelTests.xctest</string>
			<key>sourceTree</key>
			<string>BUILT_PRODUCTS_DIR</string>
		</dict>
		<key>FDCFACF018A49E9200E4AD74</key>
		<dict>
			<key>children</key>
			<array>
				<string>FDCFACEF18A49E9200E4AD74</string>
				<string>FD3CB35C18AC656F00FD9427</string>
			</array>
			<key>isa</key>
			<string>PBXGroup</string>
			<key>name</key>
			<string>Products</string>
			<key>sourceTree</key>
			<string>&lt;group&gt;</string>
		</dict>
		<key>FDCFACF118A49E9200E4AD74</key>
		<dict>
			<key>children</key>
			<array>
				<string>FDCFACF218A49E9200E4AD74</string>
				<string>FDCFACF418A49E9200E4AD74</string>
				<string>FDCFACF618A49E9200E4AD74</string>
				<string>FD3CB35E18AC656F00FD9427</string>
				<string>DF5E80756DEB4D899888424F</string>
			</array>
			<key>isa</key>
			<string>PBXGroup</string>
			<key>name</key>
			<string>Frameworks</string>
			<key>sourceTree</key>
			<string>&lt;group&gt;</string>
		</dict>
		<key>FDCFACF218A49E9200E4AD74</key>
		<dict>
			<key>isa</key>
			<string>PBXFileReference</string>
			<key>lastKnownFileType</key>
			<string>wrapper.framework</string>
			<key>name</key>
			<string>XCTest.framework</string>
			<key>path</key>
			<string>Library/Frameworks/XCTest.framework</string>
			<key>sourceTree</key>
			<string>DEVELOPER_DIR</string>
		</dict>
		<key>FDCFACF318A49E9200E4AD74</key>
		<dict>
			<key>fileRef</key>
			<string>FDCFACF218A49E9200E4AD74</string>
			<key>isa</key>
			<string>PBXBuildFile</string>
		</dict>
		<key>FDCFACF418A49E9200E4AD74</key>
		<dict>
			<key>isa</key>
			<string>PBXFileReference</string>
			<key>lastKnownFileType</key>
			<string>wrapper.framework</string>
			<key>name</key>
			<string>Foundation.framework</string>
			<key>path</key>
			<string>Library/Frameworks/Foundation.framework</string>
			<key>sourceTree</key>
			<string>DEVELOPER_DIR</string>
		</dict>
		<key>FDCFACF518A49E9200E4AD74</key>
		<dict>
			<key>fileRef</key>
			<string>FDCFACF418A49E9200E4AD74</string>
			<key>isa</key>
			<string>PBXBuildFile</string>
		</dict>
		<key>FDCFACF618A49E9200E4AD74</key>
		<dict>
			<key>isa</key>
			<string>PBXFileReference</string>
			<key>lastKnownFileType</key>
			<string>wrapper.framework</string>
			<key>name</key>
			<string>UIKit.framework</string>
			<key>path</key>
			<string>Library/Frameworks/UIKit.framework</string>
			<key>sourceTree</key>
			<string>DEVELOPER_DIR</string>
		</dict>
		<key>FDCFACF718A49E9200E4AD74</key>
		<dict>
			<key>fileRef</key>
			<string>FDCFACF618A49E9200E4AD74</string>
			<key>isa</key>
			<string>PBXBuildFile</string>
		</dict>
		<key>FDCFACF818A49E9200E4AD74</key>
		<dict>
			<key>children</key>
			<array>
				<string>FD8915DE18AB38EE00115491</string>
				<string>FDCFACFE18A49E9200E4AD74</string>
				<string>FDCFACF918A49E9200E4AD74</string>
			</array>
			<key>isa</key>
			<string>PBXGroup</string>
			<key>path</key>
			<string>MBDebugPanelTests</string>
			<key>sourceTree</key>
			<string>&lt;group&gt;</string>
		</dict>
		<key>FDCFACF918A49E9200E4AD74</key>
		<dict>
			<key>children</key>
			<array>
				<string>FDCFACFA18A49E9200E4AD74</string>
				<string>FDCFACFB18A49E9200E4AD74</string>
				<string>FDCFAD0018A49E9200E4AD74</string>
			</array>
			<key>isa</key>
			<string>PBXGroup</string>
			<key>name</key>
			<string>Supporting Files</string>
			<key>sourceTree</key>
			<string>&lt;group&gt;</string>
		</dict>
		<key>FDCFACFA18A49E9200E4AD74</key>
		<dict>
			<key>isa</key>
			<string>PBXFileReference</string>
			<key>lastKnownFileType</key>
			<string>text.plist.xml</string>
			<key>path</key>
			<string>MBDebugPanelTests-Info.plist</string>
			<key>sourceTree</key>
			<string>&lt;group&gt;</string>
		</dict>
		<key>FDCFACFB18A49E9200E4AD74</key>
		<dict>
			<key>children</key>
			<array>
				<string>FDCFACFC18A49E9200E4AD74</string>
			</array>
			<key>isa</key>
			<string>PBXVariantGroup</string>
			<key>name</key>
			<string>InfoPlist.strings</string>
			<key>sourceTree</key>
			<string>&lt;group&gt;</string>
		</dict>
		<key>FDCFACFC18A49E9200E4AD74</key>
		<dict>
			<key>isa</key>
			<string>PBXFileReference</string>
			<key>lastKnownFileType</key>
			<string>text.plist.strings</string>
			<key>name</key>
			<string>en</string>
			<key>path</key>
			<string>en.lproj/InfoPlist.strings</string>
			<key>sourceTree</key>
			<string>&lt;group&gt;</string>
		</dict>
		<key>FDCFACFD18A49E9200E4AD74</key>
		<dict>
			<key>fileRef</key>
			<string>FDCFACFB18A49E9200E4AD74</string>
			<key>isa</key>
			<string>PBXBuildFile</string>
		</dict>
		<key>FDCFACFE18A49E9200E4AD74</key>
		<dict>
			<key>isa</key>
			<string>PBXFileReference</string>
			<key>lastKnownFileType</key>
			<string>sourcecode.c.objc</string>
			<key>path</key>
			<string>MBDebugPanelTests.m</string>
			<key>sourceTree</key>
			<string>&lt;group&gt;</string>
		</dict>
		<key>FDCFACFF18A49E9200E4AD74</key>
		<dict>
			<key>fileRef</key>
			<string>FDCFACFE18A49E9200E4AD74</string>
			<key>isa</key>
			<string>PBXBuildFile</string>
		</dict>
		<key>FDCFAD0018A49E9200E4AD74</key>
		<dict>
			<key>isa</key>
			<string>PBXFileReference</string>
			<key>lastKnownFileType</key>
			<string>sourcecode.c.h</string>
			<key>path</key>
			<string>MBDebugPanelTests-Prefix.pch</string>
			<key>sourceTree</key>
			<string>&lt;group&gt;</string>
		</dict>
		<key>FDCFAD0118A49E9200E4AD74</key>
		<dict>
			<key>buildConfigurations</key>
			<array>
				<string>FDCFAD0218A49E9200E4AD74</string>
				<string>FDCFAD0318A49E9200E4AD74</string>
			</array>
			<key>defaultConfigurationIsVisible</key>
			<string>0</string>
			<key>defaultConfigurationName</key>
			<string>Release</string>
			<key>isa</key>
			<string>XCConfigurationList</string>
		</dict>
		<key>FDCFAD0218A49E9200E4AD74</key>
		<dict>
			<key>baseConfigurationReference</key>
			<string>3D6B07E6903A403181CAA43E</string>
			<key>buildSettings</key>
			<dict>
				<key>ALWAYS_SEARCH_USER_PATHS</key>
				<string>NO</string>
				<key>ARCHS</key>
				<string>$(ARCHS_STANDARD_INCLUDING_64_BIT)</string>
				<key>BUNDLE_LOADER</key>
				<string>$(BUILT_PRODUCTS_DIR)/MBDebugPanelTestsApplicationContainer.app/MBDebugPanelTestsApplicationContainer</string>
				<key>CLANG_CXX_LANGUAGE_STANDARD</key>
				<string>gnu++0x</string>
				<key>CLANG_CXX_LIBRARY</key>
				<string>libc++</string>
				<key>CLANG_ENABLE_MODULES</key>
				<string>YES</string>
				<key>CLANG_ENABLE_OBJC_ARC</key>
				<string>YES</string>
				<key>CLANG_WARN_BOOL_CONVERSION</key>
				<string>YES</string>
				<key>CLANG_WARN_CONSTANT_CONVERSION</key>
				<string>YES</string>
				<key>CLANG_WARN_DIRECT_OBJC_ISA_USAGE</key>
				<string>YES_ERROR</string>
				<key>CLANG_WARN_EMPTY_BODY</key>
				<string>YES</string>
				<key>CLANG_WARN_ENUM_CONVERSION</key>
				<string>YES</string>
				<key>CLANG_WARN_INT_CONVERSION</key>
				<string>YES</string>
				<key>CLANG_WARN_OBJC_ROOT_CLASS</key>
				<string>YES_ERROR</string>
				<key>CLANG_WARN__DUPLICATE_METHOD_MATCH</key>
				<string>YES</string>
				<key>COPY_PHASE_STRIP</key>
				<string>NO</string>
				<key>FRAMEWORK_SEARCH_PATHS</key>
				<array>
					<string>$(SDKROOT)/Developer/Library/Frameworks</string>
					<string>$(inherited)</string>
					<string>$(DEVELOPER_FRAMEWORKS_DIR)</string>
				</array>
				<key>GCC_C_LANGUAGE_STANDARD</key>
				<string>gnu99</string>
				<key>GCC_DYNAMIC_NO_PIC</key>
				<string>NO</string>
				<key>GCC_OPTIMIZATION_LEVEL</key>
				<string>0</string>
				<key>GCC_PRECOMPILE_PREFIX_HEADER</key>
				<string>YES</string>
				<key>GCC_PREFIX_HEADER</key>
				<string>MBDebugPanelTests/MBDebugPanelTests-Prefix.pch</string>
				<key>GCC_PREPROCESSOR_DEFINITIONS</key>
				<array>
					<string>DEBUG=1</string>
					<string>$(inherited)</string>
				</array>
				<key>GCC_SYMBOLS_PRIVATE_EXTERN</key>
				<string>NO</string>
				<key>GCC_WARN_64_TO_32_BIT_CONVERSION</key>
				<string>YES</string>
				<key>GCC_WARN_ABOUT_RETURN_TYPE</key>
				<string>YES_ERROR</string>
				<key>GCC_WARN_UNDECLARED_SELECTOR</key>
				<string>YES</string>
				<key>GCC_WARN_UNINITIALIZED_AUTOS</key>
				<string>YES</string>
				<key>GCC_WARN_UNUSED_FUNCTION</key>
				<string>YES</string>
				<key>GCC_WARN_UNUSED_VARIABLE</key>
				<string>YES</string>
				<key>INFOPLIST_FILE</key>
				<string>MBDebugPanelTests/MBDebugPanelTests-Info.plist</string>
				<key>IPHONEOS_DEPLOYMENT_TARGET</key>
				<string>7.0</string>
				<key>ONLY_ACTIVE_ARCH</key>
				<string>YES</string>
				<key>PRODUCT_NAME</key>
				<string>$(TARGET_NAME)</string>
				<key>SDKROOT</key>
				<string>iphoneos</string>
				<key>TEST_HOST</key>
				<string>$(BUNDLE_LOADER)</string>
				<key>WRAPPER_EXTENSION</key>
				<string>xctest</string>
			</dict>
			<key>isa</key>
			<string>XCBuildConfiguration</string>
			<key>name</key>
			<string>Debug</string>
		</dict>
		<key>FDCFAD0318A49E9200E4AD74</key>
		<dict>
			<key>baseConfigurationReference</key>
			<string>3D6B07E6903A403181CAA43E</string>
			<key>buildSettings</key>
			<dict>
				<key>ALWAYS_SEARCH_USER_PATHS</key>
				<string>NO</string>
				<key>ARCHS</key>
				<string>$(ARCHS_STANDARD_INCLUDING_64_BIT)</string>
				<key>BUNDLE_LOADER</key>
				<string>$(BUILT_PRODUCTS_DIR)/MBDebugPanelTestsApplicationContainer.app/MBDebugPanelTestsApplicationContainer</string>
				<key>CLANG_CXX_LANGUAGE_STANDARD</key>
				<string>gnu++0x</string>
				<key>CLANG_CXX_LIBRARY</key>
				<string>libc++</string>
				<key>CLANG_ENABLE_MODULES</key>
				<string>YES</string>
				<key>CLANG_ENABLE_OBJC_ARC</key>
				<string>YES</string>
				<key>CLANG_WARN_BOOL_CONVERSION</key>
				<string>YES</string>
				<key>CLANG_WARN_CONSTANT_CONVERSION</key>
				<string>YES</string>
				<key>CLANG_WARN_DIRECT_OBJC_ISA_USAGE</key>
				<string>YES_ERROR</string>
				<key>CLANG_WARN_EMPTY_BODY</key>
				<string>YES</string>
				<key>CLANG_WARN_ENUM_CONVERSION</key>
				<string>YES</string>
				<key>CLANG_WARN_INT_CONVERSION</key>
				<string>YES</string>
				<key>CLANG_WARN_OBJC_ROOT_CLASS</key>
				<string>YES_ERROR</string>
				<key>CLANG_WARN__DUPLICATE_METHOD_MATCH</key>
				<string>YES</string>
				<key>COPY_PHASE_STRIP</key>
				<string>YES</string>
				<key>ENABLE_NS_ASSERTIONS</key>
				<string>NO</string>
				<key>FRAMEWORK_SEARCH_PATHS</key>
				<array>
					<string>$(SDKROOT)/Developer/Library/Frameworks</string>
					<string>$(inherited)</string>
					<string>$(DEVELOPER_FRAMEWORKS_DIR)</string>
				</array>
				<key>GCC_C_LANGUAGE_STANDARD</key>
				<string>gnu99</string>
				<key>GCC_PRECOMPILE_PREFIX_HEADER</key>
				<string>YES</string>
				<key>GCC_PREFIX_HEADER</key>
				<string>MBDebugPanelTests/MBDebugPanelTests-Prefix.pch</string>
				<key>GCC_WARN_64_TO_32_BIT_CONVERSION</key>
				<string>YES</string>
				<key>GCC_WARN_ABOUT_RETURN_TYPE</key>
				<string>YES_ERROR</string>
				<key>GCC_WARN_UNDECLARED_SELECTOR</key>
				<string>YES</string>
				<key>GCC_WARN_UNINITIALIZED_AUTOS</key>
				<string>YES</string>
				<key>GCC_WARN_UNUSED_FUNCTION</key>
				<string>YES</string>
				<key>GCC_WARN_UNUSED_VARIABLE</key>
				<string>YES</string>
				<key>INFOPLIST_FILE</key>
				<string>MBDebugPanelTests/MBDebugPanelTests-Info.plist</string>
				<key>IPHONEOS_DEPLOYMENT_TARGET</key>
				<string>7.0</string>
				<key>PRODUCT_NAME</key>
				<string>$(TARGET_NAME)</string>
				<key>SDKROOT</key>
				<string>iphoneos</string>
				<key>TEST_HOST</key>
				<string>$(BUNDLE_LOADER)</string>
				<key>VALIDATE_PRODUCT</key>
				<string>YES</string>
				<key>WRAPPER_EXTENSION</key>
				<string>xctest</string>
			</dict>
			<key>isa</key>
			<string>XCBuildConfiguration</string>
			<key>name</key>
			<string>Release</string>
		</dict>
		<key>FDCFAD0418A49EFF00E4AD74</key>
		<dict>
			<key>children</key>
			<array>
				<string>FDCFAD6D18AAE30000E4AD74</string>
			</array>
			<key>isa</key>
			<string>PBXGroup</string>
			<key>name</key>
			<string>Assets</string>
			<key>path</key>
			<string>../Assets</string>
			<key>sourceTree</key>
			<string>&lt;group&gt;</string>
		</dict>
		<key>FDCFAD0518A49EFF00E4AD74</key>
		<dict>
			<key>children</key>
			<array>
				<string>FDCFAD0618A49EFF00E4AD74</string>
			</array>
			<key>isa</key>
			<string>PBXGroup</string>
			<key>name</key>
			<string>Classes</string>
			<key>path</key>
			<string>../Classes</string>
			<key>sourceTree</key>
			<string>&lt;group&gt;</string>
		</dict>
		<key>FDCFAD0618A49EFF00E4AD74</key>
		<dict>
			<key>children</key>
			<array>
				<string>FDCFAD6918AAE1AC00E4AD74</string>
				<string>FDCFAD5318A95F1F00E4AD74</string>
				<string>FDCFAD5018A4A0BD00E4AD74</string>
				<string>FDCFAD5118A4A0BD00E4AD74</string>
				<string>FDCFAD5D18A974BD00E4AD74</string>
			</array>
			<key>isa</key>
			<string>PBXGroup</string>
			<key>path</key>
			<string>ios</string>
			<key>sourceTree</key>
			<string>&lt;group&gt;</string>
		</dict>
		<key>FDCFAD5018A4A0BD00E4AD74</key>
		<dict>
			<key>fileEncoding</key>
			<string>4</string>
			<key>isa</key>
			<string>PBXFileReference</string>
			<key>lastKnownFileType</key>
			<string>sourcecode.c.h</string>
			<key>path</key>
			<string>MBDebugPanel.h</string>
			<key>sourceTree</key>
			<string>&lt;group&gt;</string>
		</dict>
		<key>FDCFAD5118A4A0BD00E4AD74</key>
		<dict>
			<key>fileEncoding</key>
			<string>4</string>
			<key>isa</key>
			<string>PBXFileReference</string>
			<key>lastKnownFileType</key>
			<string>sourcecode.c.objc</string>
			<key>path</key>
			<string>MBDebugPanel.m</string>
			<key>sourceTree</key>
			<string>&lt;group&gt;</string>
		</dict>
		<key>FDCFAD5218A4A0BD00E4AD74</key>
		<dict>
			<key>fileRef</key>
			<string>FDCFAD5118A4A0BD00E4AD74</string>
			<key>isa</key>
			<string>PBXBuildFile</string>
		</dict>
		<key>FDCFAD5318A95F1F00E4AD74</key>
		<dict>
			<key>children</key>
			<array>
				<string>FD8915DD18AB31D100115491</string>
				<string>FD89160A18AC248200115491</string>
			</array>
			<key>isa</key>
			<string>PBXGroup</string>
			<key>path</key>
			<string>private</string>
			<key>sourceTree</key>
			<string>&lt;group&gt;</string>
		</dict>
		<key>FDCFAD5D18A974BD00E4AD74</key>
		<dict>
			<key>fileEncoding</key>
			<string>4</string>
			<key>isa</key>
			<string>PBXFileReference</string>
			<key>lastKnownFileType</key>
			<string>sourcecode.c.h</string>
			<key>path</key>
			<string>MBDebugPanelComponent.h</string>
			<key>sourceTree</key>
			<string>&lt;group&gt;</string>
		</dict>
		<key>FDCFAD6918AAE1AC00E4AD74</key>
		<dict>
			<key>children</key>
			<array>
				<string>FD89160618AC234D00115491</string>
				<string>FD89160718AC234D00115491</string>
				<string>FDCFAD6A18AAE1C200E4AD74</string>
				<string>FDCFAD6B18AAE1C200E4AD74</string>
				<string>FDCFAD7218AAE83100E4AD74</string>
				<string>FDCFAD7318AAE83100E4AD74</string>
			</array>
			<key>isa</key>
			<string>PBXGroup</string>
			<key>path</key>
			<string>components</string>
			<key>sourceTree</key>
			<string>&lt;group&gt;</string>
		</dict>
		<key>FDCFAD6A18AAE1C200E4AD74</key>
		<dict>
			<key>fileEncoding</key>
			<string>4</string>
			<key>isa</key>
			<string>PBXFileReference</string>
			<key>lastKnownFileType</key>
			<string>sourcecode.c.h</string>
			<key>path</key>
			<string>MBDebugPanelSimpleSwitchComponent.h</string>
			<key>sourceTree</key>
			<string>&lt;group&gt;</string>
		</dict>
		<key>FDCFAD6B18AAE1C200E4AD74</key>
		<dict>
			<key>fileEncoding</key>
			<string>4</string>
			<key>isa</key>
			<string>PBXFileReference</string>
			<key>lastKnownFileType</key>
			<string>sourcecode.c.objc</string>
			<key>path</key>
			<string>MBDebugPanelSimpleSwitchComponent.m</string>
			<key>sourceTree</key>
			<string>&lt;group&gt;</string>
		</dict>
		<key>FDCFAD6C18AAE1C200E4AD74</key>
		<dict>
			<key>fileRef</key>
			<string>FDCFAD6B18AAE1C200E4AD74</string>
			<key>isa</key>
			<string>PBXBuildFile</string>
		</dict>
		<key>FDCFAD6D18AAE30000E4AD74</key>
		<dict>
			<key>children</key>
			<array>
				<string>FDCFAD7018AAE7AD00E4AD74</string>
				<string>FDCFAD6E18AAE32200E4AD74</string>
			</array>
			<key>isa</key>
			<string>PBXGroup</string>
			<key>path</key>
			<string>componentCells</string>
			<key>sourceTree</key>
			<string>&lt;group&gt;</string>
		</dict>
		<key>FDCFAD6E18AAE32200E4AD74</key>
		<dict>
			<key>fileEncoding</key>
			<string>4</string>
			<key>isa</key>
			<string>PBXFileReference</string>
			<key>lastKnownFileType</key>
			<string>file.xib</string>
			<key>path</key>
			<string>MBDebugPanelSimpleSwitchComponentCell.xib</string>
			<key>sourceTree</key>
			<string>&lt;group&gt;</string>
		</dict>
		<key>FDCFAD6F18AAE32200E4AD74</key>
		<dict>
			<key>fileRef</key>
			<string>FDCFAD6E18AAE32200E4AD74</string>
			<key>isa</key>
			<string>PBXBuildFile</string>
		</dict>
		<key>FDCFAD7018AAE7AD00E4AD74</key>
		<dict>
			<key>fileEncoding</key>
			<string>4</string>
			<key>isa</key>
			<string>PBXFileReference</string>
			<key>lastKnownFileType</key>
			<string>file.xib</string>
			<key>path</key>
			<string>MBDebugPanelSimpleButtonComponentCell.xib</string>
			<key>sourceTree</key>
			<string>&lt;group&gt;</string>
		</dict>
		<key>FDCFAD7118AAE7AD00E4AD74</key>
		<dict>
			<key>fileRef</key>
			<string>FDCFAD7018AAE7AD00E4AD74</string>
			<key>isa</key>
			<string>PBXBuildFile</string>
		</dict>
		<key>FDCFAD7218AAE83100E4AD74</key>
		<dict>
			<key>fileEncoding</key>
			<string>4</string>
			<key>isa</key>
			<string>PBXFileReference</string>
			<key>lastKnownFileType</key>
			<string>sourcecode.c.h</string>
			<key>path</key>
			<string>MBDebugPanelSimpleButtonComponent.h</string>
			<key>sourceTree</key>
			<string>&lt;group&gt;</string>
		</dict>
		<key>FDCFAD7318AAE83100E4AD74</key>
		<dict>
			<key>fileEncoding</key>
			<string>4</string>
			<key>isa</key>
			<string>PBXFileReference</string>
			<key>lastKnownFileType</key>
			<string>sourcecode.c.objc</string>
			<key>path</key>
			<string>MBDebugPanelSimpleButtonComponent.m</string>
			<key>sourceTree</key>
			<string>&lt;group&gt;</string>
		</dict>
		<key>FDCFAD7418AAE83100E4AD74</key>
		<dict>
			<key>fileRef</key>
			<string>FDCFAD7318AAE83100E4AD74</string>
			<key>isa</key>
			<string>PBXBuildFile</string>
		</dict>
	</dict>
	<key>rootObject</key>
	<string>FDCFACE518A49E6800E4AD74</string>
</dict>
</plist>
